// !$*UTF8*$!
{
	archiveVersion = 1;
	classes = {
	};
	objectVersion = 54;
	objects = {

/* Begin PBXBuildFile section */
		079C56E717DE773E92A622FF /* MediaBrowser.swift in Sources */ = {isa = PBXBuildFile; fileRef = C55F9DD1E7FF51371E4DC6E1 /* MediaBrowser.swift */; };
		0A1B2C3D4E5F60718293A4B5 /* PlaybackAssists.swift in Sources */ = {isa = PBXBuildFile; fileRef = 1B2C3D4E5F60718293A4B5C6 /* PlaybackAssists.swift */; };
		0B1C2D3E4F5061728394A5B6 /* MediaDelivery.swift in Sources */ = {isa = PBXBuildFile; fileRef = 2C3D4E5F60718293A4B5C6D7 /* MediaDelivery.swift */; };
		0C1D2E3F405162738495A6B7 /* MediaDeliveryPopup.swift in Sources */ = {isa = PBXBuildFile; fileRef = 3D4E5F60718293A4B5C6D7E8 /* MediaDeliveryPopup.swift */; };
		0D1E2F30415263748596A7B8 /* MediaDeliveryOverlay.swift in Sources */ = {isa = PBXBuildFile; fileRef = 4E5F60718293A4B5C6D7E8F9 /* MediaDeliveryOverlay.swift */; };
		0F8144A1310FEEE9A63795A8 /* MetalLiveView.swift in Sources */ = {isa = PBXBuildFile; fileRef = 43398C0B64AE0344D7602746 /* MetalLiveView.swift */; };
		157EA76CF9AF666C94A66343 /* LUTLibrary.swift in Sources */ = {isa = PBXBuildFile; fileRef = 50E264D06796DCA124FB4D87 /* LUTLibrary.swift */; };
		16C4F9FED363497072C19ACC /* FrameioModels.swift in Sources */ = {isa = PBXBuildFile; fileRef = 381B085F758DD57850E6CFAE /* FrameioModels.swift */; };
		1D22C3C5DAA147DC1A7F2057 /* InternetReachability.swift in Sources */ = {isa = PBXBuildFile; fileRef = 0E2135AF026E5ECA7A9DD631 /* InternetReachability.swift */; };
		200294648F339E5403B98101 /* FrameioModel.swift in Sources */ = {isa = PBXBuildFile; fileRef = B9578B6D1A89B8B2442A8FED /* FrameioModel.swift */; };
		223A328A28F6A9969245C3A0 /* FrameioClient.swift in Sources */ = {isa = PBXBuildFile; fileRef = 953D4988DD8F529689A672A9 /* FrameioClient.swift */; };
		314BDCD7FD3C538AA88BFC57 /* FrameioOAuth.swift in Sources */ = {isa = PBXBuildFile; fileRef = 4F754633AC5090E76E19F5CD /* FrameioOAuth.swift */; };
		331C808B294A63AB00263BE5 /* RunnerTests.swift in Sources */ = {isa = PBXBuildFile; fileRef = 331C807B294A618700263BE5 /* RunnerTests.swift */; };
		331C808C294A63AB00263BE6 /* CameraWiFiCredentialStoreTests.swift in Sources */ = {isa = PBXBuildFile; fileRef = 331C807C294A618700263BE6 /* CameraWiFiCredentialStoreTests.swift */; };
		331C808D294A63AB00263BE7 /* FirstPairWizardStepTests.swift in Sources */ = {isa = PBXBuildFile; fileRef = 331C807D294A618700263BE7 /* FirstPairWizardStepTests.swift */; };
		354E32F45664AA90999EF23C /* MonitorLUT.swift in Sources */ = {isa = PBXBuildFile; fileRef = 1E943CC20E05A8C345F7D2A9 /* MonitorLUT.swift */; };
		3B2081943B1D2A36C4DA228C /* ScopeSampler.swift in Sources */ = {isa = PBXBuildFile; fileRef = D329D509E000B93B59AE9A11 /* ScopeSampler.swift */; };
		3B2081943B1D2A36C4DA228D /* AudioLevelMeter.swift in Sources */ = {isa = PBXBuildFile; fileRef = D329D509E000B93B59AE9A12 /* AudioLevelMeter.swift */; };
		3C4D5E6F708192A3B4C5D6E7 /* ScopeDisplayScale.swift in Sources */ = {isa = PBXBuildFile; fileRef = 2B3C4D5E6F708192A3B4C5D6 /* ScopeDisplayScale.swift */; };
		46C255DF9F950970DD29C3C8 /* LiveFrameProcessor.swift in Sources */ = {isa = PBXBuildFile; fileRef = 4705C589D7D31926D41CEF6A /* LiveFrameProcessor.swift */; };
		4D5E6F708192A3B4C5D6E7F8 /* ImageEffectsCompositor.swift in Sources */ = {isa = PBXBuildFile; fileRef = 5E6F708192A3B4C5D6E7F809 /* ImageEffectsCompositor.swift */; };
		503189555B5DB867F6C29F0F /* FalseColor.swift in Sources */ = {isa = PBXBuildFile; fileRef = 0205F75CD14D96A1E9B884E9 /* FalseColor.swift */; };
		65B3F5B581BF634D6C8247CD /* TrafficLightsMeter.swift in Sources */ = {isa = PBXBuildFile; fileRef = FBD5D243C94FA3B8F8BEE3C5 /* TrafficLightsMeter.swift */; };
		6A455A5E5D850A48FD899BF4 /* AssistToolActivation.swift in Sources */ = {isa = PBXBuildFile; fileRef = 4A371B3334DBAAA71593727B /* AssistToolActivation.swift */; };
		7182A6D4C55420DE0C30F08E /* CubeLUT.swift in Sources */ = {isa = PBXBuildFile; fileRef = C08D59A4E8FE339FD74256B9 /* CubeLUT.swift */; };
		74858FAF1ED2DC5600515810 /* AppDelegate.swift in Sources */ = {isa = PBXBuildFile; fileRef = 74858FAE1ED2DC5600515810 /* AppDelegate.swift */; };
		7884E8682EC3CC0700C636F2 /* SceneDelegate.swift in Sources */ = {isa = PBXBuildFile; fileRef = 7884E8672EC3CC0400C636F2 /* SceneDelegate.swift */; };
		78BE124BA79C2860F3D7D6EA /* FrameDecoder.swift in Sources */ = {isa = PBXBuildFile; fileRef = B47FA7E6D89EF63D0B2B27B2 /* FrameDecoder.swift */; };
		83D6A5BD768E346D128C862E /* ExposureScale.swift in Sources */ = {isa = PBXBuildFile; fileRef = 255DC60AACB3D2B7FFF2AF19 /* ExposureScale.swift */; };
		8E1FB0F353F42E2DCCDEF3F0 /* FrameScopeSampler.swift in Sources */ = {isa = PBXBuildFile; fileRef = 31188208A12A06911B1DC3AB /* FrameScopeSampler.swift */; };
		947DA2098F211AFA82954980 /* MediaLUTExport.swift in Sources */ = {isa = PBXBuildFile; fileRef = 829F835A9A819D7AC6992CDE /* MediaLUTExport.swift */; };
		97C146FC1CF9000F007C117D /* Main.storyboard in Resources */ = {isa = PBXBuildFile; fileRef = 97C146FA1CF9000F007C117D /* Main.storyboard */; };
		97C146FE1CF9000F007C117D /* Assets.xcassets in Resources */ = {isa = PBXBuildFile; fileRef = 97C146FD1CF9000F007C117D /* Assets.xcassets */; };
		97C147011CF9000F007C117D /* LaunchScreen.storyboard in Resources */ = {isa = PBXBuildFile; fileRef = 97C146FF1CF9000F007C117D /* LaunchScreen.storyboard */; };
		A1B2C3D4E5F60718293A4B5D /* ScopeAssistSampling.swift in Sources */ = {isa = PBXBuildFile; fileRef = A1B2C3D4E5F60718293A4B5C /* ScopeAssistSampling.swift */; };
		AB12CD34EF56AB12CD34EF01 /* ScopeTraceMetalView.swift in Sources */ = {isa = PBXBuildFile; fileRef = AB12CD34EF56AB12CD34EF02 /* ScopeTraceMetalView.swift */; };
		A652A40C5850105E136F0739 /* LiveFrameRenderer.swift in Sources */ = {isa = PBXBuildFile; fileRef = 852060CB19F3A779DA73A8F3 /* LiveFrameRenderer.swift */; };
		B61762BD19CC1640C62FBF9E /* FocusAssist.swift in Sources */ = {isa = PBXBuildFile; fileRef = CF7929C792624D92E4643373 /* FocusAssist.swift */; };
		B99D6EF97E8D8305109E60C4 /* MediaLibrary.swift in Sources */ = {isa = PBXBuildFile; fileRef = 644DDD304FCF0ED7CCA39F90 /* MediaLibrary.swift */; };
		BRND00000000000000000002 /* Branding.swift in Sources */ = {isa = PBXBuildFile; fileRef = BRND00000000000000000001 /* Branding.swift */; };
		C0DE00000000000000000001 /* NativeAppRoot.swift in Sources */ = {isa = PBXBuildFile; fileRef = C0DE00000000000000000002 /* NativeAppRoot.swift */; };
		C0DE00000000000000000003 /* ByteCoding.swift in Sources */ = {isa = PBXBuildFile; fileRef = C0DE00000000000000000004 /* ByteCoding.swift */; };
		C0DE00000000000000000005 /* PTPIPPacket.swift in Sources */ = {isa = PBXBuildFile; fileRef = C0DE00000000000000000006 /* PTPIPPacket.swift */; };
		C0DE00000000000000000007 /* PTPOperation.swift in Sources */ = {isa = PBXBuildFile; fileRef = C0DE00000000000000000008 /* PTPOperation.swift */; };
		C0DE00000000000000000009 /* CameraDisplayState.swift in Sources */ = {isa = PBXBuildFile; fileRef = C0DE0000000000000000000A /* CameraDisplayState.swift */; };
		C0DE0000000000000000000C /* PTPIPHandshake.swift in Sources */ = {isa = PBXBuildFile; fileRef = C0DE0000000000000000000D /* PTPIPHandshake.swift */; };
		C0DE0000000000000000000E /* PTPIPTransaction.swift in Sources */ = {isa = PBXBuildFile; fileRef = C0DE0000000000000000000F /* PTPIPTransaction.swift */; };
		C0DE00000000000000000010 /* MonitorLayoutPolicy.swift in Sources */ = {isa = PBXBuildFile; fileRef = C0DE00000000000000000011 /* MonitorLayoutPolicy.swift */; };
		C0DE00000000000000000012 /* OperatorPreferences.swift in Sources */ = {isa = PBXBuildFile; fileRef = C0DE00000000000000000013 /* OperatorPreferences.swift */; };
		C0DE00000000000000000014 /* PTPDeviceInfo.swift in Sources */ = {isa = PBXBuildFile; fileRef = C0DE00000000000000000015 /* PTPDeviceInfo.swift */; };
		C0DE00000000000000000016 /* NativeCameraSession.swift in Sources */ = {isa = PBXBuildFile; fileRef = C0DE00000000000000000017 /* NativeCameraSession.swift */; };
		C0DE00000000000000000018 /* NativeCameraDiscovery.swift in Sources */ = {isa = PBXBuildFile; fileRef = C0DE00000000000000000019 /* NativeCameraDiscovery.swift */; };
		C0DE0000000000000000001A /* CameraDiscovery.swift in Sources */ = {isa = PBXBuildFile; fileRef = C0DE0000000000000000001B /* CameraDiscovery.swift */; };
		C0DE0000000000000000001C /* PTPIPPairedHosts.swift in Sources */ = {isa = PBXBuildFile; fileRef = C0DE0000000000000000001D /* PTPIPPairedHosts.swift */; };
		C0DE0000000000000000001E /* PTPIPSavedCameraRecords.swift in Sources */ = {isa = PBXBuildFile; fileRef = C0DE0000000000000000001F /* PTPIPSavedCameraRecords.swift */; };
		C0DE00000000000000000020 /* PTPLiveViewObject.swift in Sources */ = {isa = PBXBuildFile; fileRef = C0DE00000000000000000021 /* PTPLiveViewObject.swift */; };
		C0DE00000000000000000022 /* PTPCameraProperties.swift in Sources */ = {isa = PBXBuildFile; fileRef = C0DE00000000000000000023 /* PTPCameraProperties.swift */; };
		C0DE00000000000000000024 /* LinkExperience.swift in Sources */ = {isa = PBXBuildFile; fileRef = C0DE00000000000000000025 /* LinkExperience.swift */; };
		C0DE00000000000000000026 /* StartupDesign.swift in Sources */ = {isa = PBXBuildFile; fileRef = C0DE00000000000000000027 /* StartupDesign.swift */; };
		C0DE00000000000000000028 /* MonitorExperience.swift in Sources */ = {isa = PBXBuildFile; fileRef = C0DE00000000000000000029 /* MonitorExperience.swift */; };
		C0DE0000000000000000002A /* MonitorPanels.swift in Sources */ = {isa = PBXBuildFile; fileRef = C0DE0000000000000000002B /* MonitorPanels.swift */; };
		C0DE0000000000000000002C /* MonitorOverlays.swift in Sources */ = {isa = PBXBuildFile; fileRef = C0DE0000000000000000002D /* MonitorOverlays.swift */; };
		C0DE0000000000000000002E /* MonitorControls.swift in Sources */ = {isa = PBXBuildFile; fileRef = C0DE0000000000000000002F /* MonitorControls.swift */; };
		C0DE00000000000000000030 /* DesignShared.swift in Sources */ = {isa = PBXBuildFile; fileRef = C0DE00000000000000000031 /* DesignShared.swift */; };
		C0DE00000000000000000032 /* MonitorTextFormat.swift in Sources */ = {isa = PBXBuildFile; fileRef = C0DE00000000000000000033 /* MonitorTextFormat.swift */; };
		C0DE0000000000000000003A /* FrameRateSampler.swift in Sources */ = {isa = PBXBuildFile; fileRef = C0DE0000000000000000003B /* FrameRateSampler.swift */; };
		C0DE0000000000000000003C /* LiveViewWatchdog.swift in Sources */ = {isa = PBXBuildFile; fileRef = C0DE0000000000000000003D /* LiveViewWatchdog.swift */; };
		C0DE0000000000000000003E /* RecordDurationEstimator.swift in Sources */ = {isa = PBXBuildFile; fileRef = C0DE0000000000000000003F /* RecordDurationEstimator.swift */; };
		C0DE00000000000000000040 /* CameraLinkHealth.swift in Sources */ = {isa = PBXBuildFile; fileRef = C0DE00000000000000000041 /* CameraLinkHealth.swift */; };
		C0DE000000000000000000CA /* LinkSignalBars.swift in Sources */ = {isa = PBXBuildFile; fileRef = C0DE000000000000000000CB /* LinkSignalBars.swift */; };
		C0DE00000000000000000042 /* PTPEvent.swift in Sources */ = {isa = PBXBuildFile; fileRef = C0DE00000000000000000043 /* PTPEvent.swift */; };
		C0DE00000000000000000044 /* CameraWarningStatus.swift in Sources */ = {isa = PBXBuildFile; fileRef = C0DE00000000000000000045 /* CameraWarningStatus.swift */; };
		C0DE00000000000000000050 /* ConnectionProgressSheet.swift in Sources */ = {isa = PBXBuildFile; fileRef = C0DE00000000000000000051 /* ConnectionProgressSheet.swift */; };
		C0DE00000000000000000052 /* ConnectionProgress.swift in Sources */ = {isa = PBXBuildFile; fileRef = C0DE00000000000000000053 /* ConnectionProgress.swift */; };
		C0DE00000000000000000054 /* CameraWiFiSSID.swift in Sources */ = {isa = PBXBuildFile; fileRef = C0DE00000000000000000055 /* CameraWiFiSSID.swift */; };
		C0DE00000000000000000056 /* WiFiJoinCoordinator.swift in Sources */ = {isa = PBXBuildFile; fileRef = C0DE00000000000000000057 /* WiFiJoinCoordinator.swift */; };
		C0DE00000000000000000058 /* CameraWiFiCredentialStore.swift in Sources */ = {isa = PBXBuildFile; fileRef = C0DE00000000000000000059 /* CameraWiFiCredentialStore.swift */; };
		C0DE00000000000000000060 /* AccessorySetupWiFiCoordinator.swift in Sources */ = {isa = PBXBuildFile; fileRef = C0DE00000000000000000061 /* AccessorySetupWiFiCoordinator.swift */; };
		C0DE00000000000000000066 /* CameraWiFiScannerView.swift in Sources */ = {isa = PBXBuildFile; fileRef = C0DE00000000000000000067 /* CameraWiFiScannerView.swift */; };
		C0DE00000000000000000068 /* StartupPermissions.swift in Sources */ = {isa = PBXBuildFile; fileRef = C0DE00000000000000000069 /* StartupPermissions.swift */; };
		C0DE000000000000000000A0 /* CameraWiFiScreenParser.swift in Sources */ = {isa = PBXBuildFile; fileRef = C0DE000000000000000000A1 /* CameraWiFiScreenParser.swift */; };
		C0DE000000000000000000A2 /* MonitorPortraitLayout.swift in Sources */ = {isa = PBXBuildFile; fileRef = C0DE000000000000000000A3 /* MonitorPortraitLayout.swift */; };
		C0DE000000000000000000B0 /* MonitorPortrait.swift in Sources */ = {isa = PBXBuildFile; fileRef = C0DE000000000000000000B1 /* MonitorPortrait.swift */; };
		C0DE000000000000000000B2 /* MonitorPortraitModules.swift in Sources */ = {isa = PBXBuildFile; fileRef = C0DE000000000000000000B3 /* MonitorPortraitModules.swift */; };
		C0DE000000000000000000C2 /* MonitorZoneLayout.swift in Sources */ = {isa = PBXBuildFile; fileRef = C0DE000000000000000000C3 /* MonitorZoneLayout.swift */; };
		C0DE000000000000000000C4 /* MonitorUnified.swift in Sources */ = {isa = PBXBuildFile; fileRef = C0DE000000000000000000C5 /* MonitorUnified.swift */; };
		C0DE000000000000000000C6 /* DemoHarness.swift in Sources */ = {isa = PBXBuildFile; fileRef = C0DE000000000000000000C7 /* DemoHarness.swift */; };
		C0DE000000000000000000C8 /* BluetoothShutterMonitor.swift in Sources */ = {isa = PBXBuildFile; fileRef = C0DE000000000000000000C9 /* BluetoothShutterMonitor.swift */; };
		C8D4037E171A24541862E72C /* ZIPFoundation in Frameworks */ = {isa = PBXBuildFile; productRef = 9EA6CE98C555E02FA7EFB7D1 /* ZIPFoundation */; };
		CB93FB6A1D71AEDB8B9E9943 /* RedDownloadView.swift in Sources */ = {isa = PBXBuildFile; fileRef = 9CBD525AC3DBD970F94757B7 /* RedDownloadView.swift */; };
		CEBC16AE05672B92F74F3A8E /* RedLUTDownloadPolicy.swift in Sources */ = {isa = PBXBuildFile; fileRef = DB04C097A96A69686057CDC6 /* RedLUTDownloadPolicy.swift */; };
		CTRN00000000000000000002 /* CameraTransport.swift in Sources */ = {isa = PBXBuildFile; fileRef = CTRN00000000000000000001 /* CameraTransport.swift */; };
		DELTA00000000000000000001 /* MediaClipDiscoveryDelta.swift in Sources */ = {isa = PBXBuildFile; fileRef = DELTA00000000000000000002 /* MediaClipDiscoveryDelta.swift */; };
		ED942B35B16175F88FEAC439 /* PTPIPReadBuffer.swift in Sources */ = {isa = PBXBuildFile; fileRef = 73A63103171670B54E666A01 /* PTPIPReadBuffer.swift */; };
		F83294C886529F69D6290D21 /* ReconnectBackoff.swift in Sources */ = {isa = PBXBuildFile; fileRef = B2B678A3A4294796B364EAB6 /* ReconnectBackoff.swift */; };
		FC0D15A11A2B3C4D5E6F7001 /* MonitorDisplayToneMap.swift in Sources */ = {isa = PBXBuildFile; fileRef = FC0D15A11A2B3C4D5E6F7002 /* MonitorDisplayToneMap.swift */; };
		FE72B160881FCAA3A5BAE57C /* FrameioAuthCoordinator.swift in Sources */ = {isa = PBXBuildFile; fileRef = 58822FE5CB612396F3D33712 /* FrameioAuthCoordinator.swift */; };
		FEEDC0DEC0FFEE00BAADF002 /* ThermalLoadPolicy.swift in Sources */ = {isa = PBXBuildFile; fileRef = FEEDC0DEC0FFEE00BAADF001 /* ThermalLoadPolicy.swift */; };
		ISO00000000000000000002 /* ISOPickerPolicy.swift in Sources */ = {isa = PBXBuildFile; fileRef = ISO00000000000000000003 /* ISOPickerPolicy.swift */; };
		LVSP00000000000000000002 /* LiveViewSignposts.swift in Sources */ = {isa = PBXBuildFile; fileRef = LVSP00000000000000000001 /* LiveViewSignposts.swift */; };
		MFFB00000000000000000002 /* MetalFeedFrameBaker.swift in Sources */ = {isa = PBXBuildFile; fileRef = MFFB00000000000000000001 /* MetalFeedFrameBaker.swift */; };
		PTPT00000000000000000002 /* PTPIPTransport.swift in Sources */ = {isa = PBXBuildFile; fileRef = PTPT00000000000000000001 /* PTPIPTransport.swift */; };
		R3D00000000000000000002 /* R3DClipIndex.swift in Sources */ = {isa = PBXBuildFile; fileRef = R3D00000000000000000003 /* R3DClipIndex.swift */; };
		R3D00000000000000000004 /* R3DHeaderParser.swift in Sources */ = {isa = PBXBuildFile; fileRef = R3D00000000000000000005 /* R3DHeaderParser.swift */; };
		R3D00000000000000000006 /* MediaClipFilename.swift in Sources */ = {isa = PBXBuildFile; fileRef = R3D00000000000000000007 /* MediaClipFilename.swift */; };
		R3D00000000000000000008 /* MediaResolutionBucket.swift in Sources */ = {isa = PBXBuildFile; fileRef = R3D00000000000000000009 /* MediaResolutionBucket.swift */; };
		USBC00000000000000000002 /* PTPUSBContainer.swift in Sources */ = {isa = PBXBuildFile; fileRef = USBC00000000000000000001 /* PTPUSBContainer.swift */; };
		USBT00000000000000000002 /* USBCameraTransport.swift in Sources */ = {isa = PBXBuildFile; fileRef = USBT00000000000000000001 /* USBCameraTransport.swift */; };
		WTCH00000000000000000002 /* MonitorStateValues.swift in Sources */ = {isa = PBXBuildFile; fileRef = WTCH00000000000000000001 /* MonitorStateValues.swift */; };
		WTCH00000000000000000004 /* WatchRelayProtocol.swift in Sources */ = {isa = PBXBuildFile; fileRef = WTCH00000000000000000003 /* WatchRelayProtocol.swift */; };
		WTCH00000000000000000006 /* WatchRelay.swift in Sources */ = {isa = PBXBuildFile; fileRef = WTCH00000000000000000005 /* WatchRelay.swift */; };
		WTCH00000000000000000012 /* MonitorStateValues.swift in Sources */ = {isa = PBXBuildFile; fileRef = WTCH00000000000000000001 /* MonitorStateValues.swift */; };
		WTCH00000000000000000014 /* WatchRelayProtocol.swift in Sources */ = {isa = PBXBuildFile; fileRef = WTCH00000000000000000003 /* WatchRelayProtocol.swift */; };
		WTCH00000000000000000022 /* OpenZCineWatchApp.swift in Sources */ = {isa = PBXBuildFile; fileRef = WTCH00000000000000000021 /* OpenZCineWatchApp.swift */; };
		WTCH00000000000000000024 /* WatchSessionController.swift in Sources */ = {isa = PBXBuildFile; fileRef = WTCH00000000000000000023 /* WatchSessionController.swift */; };
		WTCH00000000000000000026 /* WatchMonitorView.swift in Sources */ = {isa = PBXBuildFile; fileRef = WTCH00000000000000000025 /* WatchMonitorView.swift */; };
		WTCH00000000000000000042 /* Assets.xcassets in Resources */ = {isa = PBXBuildFile; fileRef = WTCH00000000000000000041 /* Assets.xcassets */; };
		WTCH00000000000000000052 /* OpenZCineWatch.app in Embed Watch Content */ = {isa = PBXBuildFile; fileRef = WTCH00000000000000000051 /* OpenZCineWatch.app */; settings = {ATTRIBUTES = (RemoveHeadersOnCopy, ); }; };
/* End PBXBuildFile section */

/* Begin PBXContainerItemProxy section */
		331C8085294A63A400263BE5 /* PBXContainerItemProxy */ = {
			isa = PBXContainerItemProxy;
			containerPortal = 97C146E61CF9000F007C117D /* Project object */;
			proxyType = 1;
			remoteGlobalIDString = 97C146ED1CF9000F007C117D;
			remoteInfo = Runner;
		};
		WTCH00000000000000000091 /* PBXContainerItemProxy */ = {
			isa = PBXContainerItemProxy;
			containerPortal = 97C146E61CF9000F007C117D /* Project object */;
			proxyType = 1;
			remoteGlobalIDString = WTCH00000000000000000090;
			remoteInfo = OpenZCineWatch;
		};
/* End PBXContainerItemProxy section */

/* Begin PBXCopyFilesBuildPhase section */
		9705A1C41CF9048500538489 /* Embed Frameworks */ = {
			isa = PBXCopyFilesBuildPhase;
			buildActionMask = 2147483647;
			dstPath = "";
			dstSubfolderSpec = 10;
			files = (
			);
			name = "Embed Frameworks";
			runOnlyForDeploymentPostprocessing = 0;
		};
		WTCH00000000000000000080 /* Embed Watch Content */ = {
			isa = PBXCopyFilesBuildPhase;
			buildActionMask = 2147483647;
			dstPath = "$(CONTENTS_FOLDER_PATH)/Watch";
			dstSubfolderSpec = 16;
			files = (
				WTCH00000000000000000052 /* OpenZCineWatch.app in Embed Watch Content */,
			);
			name = "Embed Watch Content";
			runOnlyForDeploymentPostprocessing = 0;
		};
/* End PBXCopyFilesBuildPhase section */

/* Begin PBXFileReference section */
		0205F75CD14D96A1E9B884E9 /* FalseColor.swift */ = {isa = PBXFileReference; includeInIndex = 1; lastKnownFileType = sourcecode.swift; name = FalseColor.swift; path = ../Sources/OpenZCineCore/FalseColor.swift; sourceTree = SOURCE_ROOT; };
		0E2135AF026E5ECA7A9DD631 /* InternetReachability.swift */ = {isa = PBXFileReference; includeInIndex = 1; lastKnownFileType = sourcecode.swift; path = InternetReachability.swift; sourceTree = "<group>"; };
		1B2C3D4E5F60718293A4B5C6 /* PlaybackAssists.swift */ = {isa = PBXFileReference; includeInIndex = 1; lastKnownFileType = sourcecode.swift; path = PlaybackAssists.swift; sourceTree = "<group>"; };
		1E943CC20E05A8C345F7D2A9 /* MonitorLUT.swift */ = {isa = PBXFileReference; includeInIndex = 1; lastKnownFileType = sourcecode.swift; name = MonitorLUT.swift; path = ../Sources/OpenZCineCore/MonitorLUT.swift; sourceTree = SOURCE_ROOT; };
		255DC60AACB3D2B7FFF2AF19 /* ExposureScale.swift */ = {isa = PBXFileReference; includeInIndex = 1; lastKnownFileType = sourcecode.swift; name = ExposureScale.swift; path = ../Sources/OpenZCineCore/ExposureScale.swift; sourceTree = SOURCE_ROOT; };
		2B3C4D5E6F708192A3B4C5D6 /* ScopeDisplayScale.swift */ = {isa = PBXFileReference; includeInIndex = 1; lastKnownFileType = sourcecode.swift; name = ScopeDisplayScale.swift; path = ../Sources/OpenZCineCore/ScopeDisplayScale.swift; sourceTree = SOURCE_ROOT; };
		2C3D4E5F60718293A4B5C6D7 /* MediaDelivery.swift */ = {isa = PBXFileReference; includeInIndex = 1; lastKnownFileType = sourcecode.swift; path = MediaDelivery.swift; sourceTree = "<group>"; };
		31188208A12A06911B1DC3AB /* FrameScopeSampler.swift */ = {isa = PBXFileReference; includeInIndex = 1; lastKnownFileType = sourcecode.swift; path = FrameScopeSampler.swift; sourceTree = "<group>"; };
		331C807B294A618700263BE5 /* RunnerTests.swift */ = {isa = PBXFileReference; lastKnownFileType = sourcecode.swift; path = RunnerTests.swift; sourceTree = "<group>"; };
		331C807C294A618700263BE6 /* CameraWiFiCredentialStoreTests.swift */ = {isa = PBXFileReference; lastKnownFileType = sourcecode.swift; path = CameraWiFiCredentialStoreTests.swift; sourceTree = "<group>"; };
		331C807D294A618700263BE7 /* FirstPairWizardStepTests.swift */ = {isa = PBXFileReference; lastKnownFileType = sourcecode.swift; path = FirstPairWizardStepTests.swift; sourceTree = "<group>"; };
		331C8081294A63A400263BE5 /* RunnerTests.xctest */ = {isa = PBXFileReference; explicitFileType = wrapper.cfbundle; includeInIndex = 0; path = RunnerTests.xctest; sourceTree = BUILT_PRODUCTS_DIR; };
		381B085F758DD57850E6CFAE /* FrameioModels.swift */ = {isa = PBXFileReference; includeInIndex = 1; lastKnownFileType = sourcecode.swift; name = FrameioModels.swift; path = ../Sources/OpenZCineCore/Frameio/FrameioModels.swift; sourceTree = SOURCE_ROOT; };
		3D4E5F60718293A4B5C6D7E8 /* MediaDeliveryPopup.swift */ = {isa = PBXFileReference; includeInIndex = 1; lastKnownFileType = sourcecode.swift; path = MediaDeliveryPopup.swift; sourceTree = "<group>"; };
		43398C0B64AE0344D7602746 /* MetalLiveView.swift */ = {isa = PBXFileReference; includeInIndex = 1; lastKnownFileType = sourcecode.swift; path = MetalLiveView.swift; sourceTree = "<group>"; };
		4705C589D7D31926D41CEF6A /* LiveFrameProcessor.swift */ = {isa = PBXFileReference; includeInIndex = 1; lastKnownFileType = sourcecode.swift; path = LiveFrameProcessor.swift; sourceTree = "<group>"; };
		4A371B3334DBAAA71593727B /* AssistToolActivation.swift */ = {isa = PBXFileReference; includeInIndex = 1; lastKnownFileType = sourcecode.swift; name = AssistToolActivation.swift; path = ../Sources/OpenZCineCore/AssistToolActivation.swift; sourceTree = SOURCE_ROOT; };
		4E5F60718293A4B5C6D7E8F9 /* MediaDeliveryOverlay.swift */ = {isa = PBXFileReference; includeInIndex = 1; lastKnownFileType = sourcecode.swift; path = MediaDeliveryOverlay.swift; sourceTree = "<group>"; };
		4F754633AC5090E76E19F5CD /* FrameioOAuth.swift */ = {isa = PBXFileReference; includeInIndex = 1; lastKnownFileType = sourcecode.swift; name = FrameioOAuth.swift; path = ../Sources/OpenZCineCore/Frameio/FrameioOAuth.swift; sourceTree = SOURCE_ROOT; };
		50E264D06796DCA124FB4D87 /* LUTLibrary.swift */ = {isa = PBXFileReference; includeInIndex = 1; lastKnownFileType = sourcecode.swift; name = LUTLibrary.swift; path = ../Sources/OpenZCineCore/LUTLibrary.swift; sourceTree = SOURCE_ROOT; };
		58822FE5CB612396F3D33712 /* FrameioAuthCoordinator.swift */ = {isa = PBXFileReference; includeInIndex = 1; lastKnownFileType = sourcecode.swift; name = FrameioAuthCoordinator.swift; path = Frameio/FrameioAuthCoordinator.swift; sourceTree = "<group>"; };
		5E6F708192A3B4C5D6E7F809 /* ImageEffectsCompositor.swift */ = {isa = PBXFileReference; includeInIndex = 1; lastKnownFileType = sourcecode.swift; path = ImageEffectsCompositor.swift; sourceTree = "<group>"; };
		644DDD304FCF0ED7CCA39F90 /* MediaLibrary.swift */ = {isa = PBXFileReference; includeInIndex = 1; lastKnownFileType = sourcecode.swift; path = MediaLibrary.swift; sourceTree = "<group>"; };
		73A63103171670B54E666A01 /* PTPIPReadBuffer.swift */ = {isa = PBXFileReference; includeInIndex = 1; lastKnownFileType = sourcecode.swift; name = PTPIPReadBuffer.swift; path = ../Sources/OpenZCineCore/PTPIPReadBuffer.swift; sourceTree = SOURCE_ROOT; };
		74858FAE1ED2DC5600515810 /* AppDelegate.swift */ = {isa = PBXFileReference; fileEncoding = 4; lastKnownFileType = sourcecode.swift; path = AppDelegate.swift; sourceTree = "<group>"; };
		7884E8672EC3CC0400C636F2 /* SceneDelegate.swift */ = {isa = PBXFileReference; lastKnownFileType = sourcecode.swift; path = SceneDelegate.swift; sourceTree = "<group>"; };
		829F835A9A819D7AC6992CDE /* MediaLUTExport.swift */ = {isa = PBXFileReference; includeInIndex = 1; lastKnownFileType = sourcecode.swift; path = MediaLUTExport.swift; sourceTree = "<group>"; };
		852060CB19F3A779DA73A8F3 /* LiveFrameRenderer.swift */ = {isa = PBXFileReference; includeInIndex = 1; lastKnownFileType = sourcecode.swift; path = LiveFrameRenderer.swift; sourceTree = "<group>"; };
		8A734335F354C2421CD93905 /* Frameio.xcconfig */ = {isa = PBXFileReference; includeInIndex = 1; lastKnownFileType = text.xcconfig; path = Frameio.xcconfig; sourceTree = "<group>"; };
		953D4988DD8F529689A672A9 /* FrameioClient.swift */ = {isa = PBXFileReference; includeInIndex = 1; lastKnownFileType = sourcecode.swift; name = FrameioClient.swift; path = Frameio/FrameioClient.swift; sourceTree = "<group>"; };
		97C146EE1CF9000F007C117D /* Runner.app */ = {isa = PBXFileReference; explicitFileType = wrapper.application; includeInIndex = 0; path = Runner.app; sourceTree = BUILT_PRODUCTS_DIR; };
		97C146FB1CF9000F007C117D /* Base */ = {isa = PBXFileReference; lastKnownFileType = file.storyboard; name = Base; path = Base.lproj/Main.storyboard; sourceTree = "<group>"; };
		97C146FD1CF9000F007C117D /* Assets.xcassets */ = {isa = PBXFileReference; lastKnownFileType = folder.assetcatalog; path = Assets.xcassets; sourceTree = "<group>"; };
		97C147001CF9000F007C117D /* Base */ = {isa = PBXFileReference; lastKnownFileType = file.storyboard; name = Base; path = Base.lproj/LaunchScreen.storyboard; sourceTree = "<group>"; };
		97C147021CF9000F007C117D /* Info.plist */ = {isa = PBXFileReference; lastKnownFileType = text.plist.xml; path = Info.plist; sourceTree = "<group>"; };
		9B8454460465D3532DE04016 /* Version.xcconfig */ = {isa = PBXFileReference; includeInIndex = 1; lastKnownFileType = text.xcconfig; name = Version.xcconfig; path = ../Config/Version.xcconfig; sourceTree = "<group>"; };
		9CBD525AC3DBD970F94757B7 /* RedDownloadView.swift */ = {isa = PBXFileReference; includeInIndex = 1; lastKnownFileType = sourcecode.swift; path = RedDownloadView.swift; sourceTree = "<group>"; };
		A1B2C3D4E5F60718293A4B5C /* ScopeAssistSampling.swift */ = {isa = PBXFileReference; includeInIndex = 1; lastKnownFileType = sourcecode.swift; path = ScopeAssistSampling.swift; sourceTree = "<group>"; };
		AB12CD34EF56AB12CD34EF02 /* ScopeTraceMetalView.swift */ = {isa = PBXFileReference; lastKnownFileType = sourcecode.swift; path = ScopeTraceMetalView.swift; sourceTree = "<group>"; };
		B2B678A3A4294796B364EAB6 /* ReconnectBackoff.swift */ = {isa = PBXFileReference; includeInIndex = 1; lastKnownFileType = sourcecode.swift; name = ReconnectBackoff.swift; path = ../Sources/OpenZCineCore/ReconnectBackoff.swift; sourceTree = SOURCE_ROOT; };
		B47FA7E6D89EF63D0B2B27B2 /* FrameDecoder.swift */ = {isa = PBXFileReference; includeInIndex = 1; lastKnownFileType = sourcecode.swift; path = FrameDecoder.swift; sourceTree = "<group>"; };
		B9578B6D1A89B8B2442A8FED /* FrameioModel.swift */ = {isa = PBXFileReference; includeInIndex = 1; lastKnownFileType = sourcecode.swift; name = FrameioModel.swift; path = Frameio/FrameioModel.swift; sourceTree = "<group>"; };
		B99B47BB1FB3BC66DC16FAC8 /* Frameio.local.xcconfig.example */ = {isa = PBXFileReference; includeInIndex = 1; lastKnownFileType = text.xcconfig; path = Frameio.local.xcconfig.example; sourceTree = "<group>"; };
		BRND00000000000000000001 /* Branding.swift */ = {isa = PBXFileReference; lastKnownFileType = sourcecode.swift; path = Branding.swift; sourceTree = "<group>"; };
		C08D59A4E8FE339FD74256B9 /* CubeLUT.swift */ = {isa = PBXFileReference; includeInIndex = 1; lastKnownFileType = sourcecode.swift; name = CubeLUT.swift; path = ../Sources/OpenZCineCore/CubeLUT.swift; sourceTree = SOURCE_ROOT; };
		C0DE00000000000000000002 /* NativeAppRoot.swift */ = {isa = PBXFileReference; lastKnownFileType = sourcecode.swift; path = NativeAppRoot.swift; sourceTree = "<group>"; };
		C0DE00000000000000000004 /* ByteCoding.swift */ = {isa = PBXFileReference; lastKnownFileType = sourcecode.swift; name = ByteCoding.swift; path = ../Sources/OpenZCineCore/ByteCoding.swift; sourceTree = SOURCE_ROOT; };
		C0DE00000000000000000006 /* PTPIPPacket.swift */ = {isa = PBXFileReference; lastKnownFileType = sourcecode.swift; name = PTPIPPacket.swift; path = ../Sources/OpenZCineCore/PTPIPPacket.swift; sourceTree = SOURCE_ROOT; };
		C0DE00000000000000000008 /* PTPOperation.swift */ = {isa = PBXFileReference; lastKnownFileType = sourcecode.swift; name = PTPOperation.swift; path = ../Sources/OpenZCineCore/PTPOperation.swift; sourceTree = SOURCE_ROOT; };
		C0DE0000000000000000000A /* CameraDisplayState.swift */ = {isa = PBXFileReference; lastKnownFileType = sourcecode.swift; name = CameraDisplayState.swift; path = ../Sources/OpenZCineCore/CameraDisplayState.swift; sourceTree = SOURCE_ROOT; };
		C0DE0000000000000000000D /* PTPIPHandshake.swift */ = {isa = PBXFileReference; lastKnownFileType = sourcecode.swift; name = PTPIPHandshake.swift; path = ../Sources/OpenZCineCore/PTPIPHandshake.swift; sourceTree = SOURCE_ROOT; };
		C0DE0000000000000000000F /* PTPIPTransaction.swift */ = {isa = PBXFileReference; lastKnownFileType = sourcecode.swift; name = PTPIPTransaction.swift; path = ../Sources/OpenZCineCore/PTPIPTransaction.swift; sourceTree = SOURCE_ROOT; };
		C0DE00000000000000000011 /* MonitorLayoutPolicy.swift */ = {isa = PBXFileReference; lastKnownFileType = sourcecode.swift; name = MonitorLayoutPolicy.swift; path = ../Sources/OpenZCineCore/MonitorLayoutPolicy.swift; sourceTree = SOURCE_ROOT; };
		C0DE00000000000000000013 /* OperatorPreferences.swift */ = {isa = PBXFileReference; lastKnownFileType = sourcecode.swift; name = OperatorPreferences.swift; path = ../Sources/OpenZCineCore/OperatorPreferences.swift; sourceTree = SOURCE_ROOT; };
		C0DE00000000000000000015 /* PTPDeviceInfo.swift */ = {isa = PBXFileReference; lastKnownFileType = sourcecode.swift; name = PTPDeviceInfo.swift; path = ../Sources/OpenZCineCore/PTPDeviceInfo.swift; sourceTree = SOURCE_ROOT; };
		C0DE00000000000000000017 /* NativeCameraSession.swift */ = {isa = PBXFileReference; lastKnownFileType = sourcecode.swift; path = NativeCameraSession.swift; sourceTree = "<group>"; };
		C0DE00000000000000000019 /* NativeCameraDiscovery.swift */ = {isa = PBXFileReference; lastKnownFileType = sourcecode.swift; path = NativeCameraDiscovery.swift; sourceTree = "<group>"; };
		C0DE0000000000000000001B /* CameraDiscovery.swift */ = {isa = PBXFileReference; lastKnownFileType = sourcecode.swift; name = CameraDiscovery.swift; path = ../Sources/OpenZCineCore/CameraDiscovery.swift; sourceTree = SOURCE_ROOT; };
		C0DE0000000000000000001D /* PTPIPPairedHosts.swift */ = {isa = PBXFileReference; lastKnownFileType = sourcecode.swift; name = PTPIPPairedHosts.swift; path = ../Sources/OpenZCineCore/PTPIPPairedHosts.swift; sourceTree = SOURCE_ROOT; };
		C0DE0000000000000000001F /* PTPIPSavedCameraRecords.swift */ = {isa = PBXFileReference; lastKnownFileType = sourcecode.swift; name = PTPIPSavedCameraRecords.swift; path = ../Sources/OpenZCineCore/PTPIPSavedCameraRecords.swift; sourceTree = SOURCE_ROOT; };
		C0DE00000000000000000021 /* PTPLiveViewObject.swift */ = {isa = PBXFileReference; lastKnownFileType = sourcecode.swift; name = PTPLiveViewObject.swift; path = ../Sources/OpenZCineCore/PTPLiveViewObject.swift; sourceTree = SOURCE_ROOT; };
		C0DE00000000000000000023 /* PTPCameraProperties.swift */ = {isa = PBXFileReference; lastKnownFileType = sourcecode.swift; name = PTPCameraProperties.swift; path = ../Sources/OpenZCineCore/PTPCameraProperties.swift; sourceTree = SOURCE_ROOT; };
		C0DE00000000000000000025 /* LinkExperience.swift */ = {isa = PBXFileReference; lastKnownFileType = sourcecode.swift; path = LinkExperience.swift; sourceTree = "<group>"; };
		C0DE00000000000000000027 /* StartupDesign.swift */ = {isa = PBXFileReference; lastKnownFileType = sourcecode.swift; path = StartupDesign.swift; sourceTree = "<group>"; };
		C0DE00000000000000000029 /* MonitorExperience.swift */ = {isa = PBXFileReference; lastKnownFileType = sourcecode.swift; path = MonitorExperience.swift; sourceTree = "<group>"; };
		C0DE0000000000000000002B /* MonitorPanels.swift */ = {isa = PBXFileReference; lastKnownFileType = sourcecode.swift; path = MonitorPanels.swift; sourceTree = "<group>"; };
		C0DE0000000000000000002D /* MonitorOverlays.swift */ = {isa = PBXFileReference; lastKnownFileType = sourcecode.swift; path = MonitorOverlays.swift; sourceTree = "<group>"; };
		C0DE0000000000000000002F /* MonitorControls.swift */ = {isa = PBXFileReference; lastKnownFileType = sourcecode.swift; path = MonitorControls.swift; sourceTree = "<group>"; };
		C0DE00000000000000000031 /* DesignShared.swift */ = {isa = PBXFileReference; lastKnownFileType = sourcecode.swift; path = DesignShared.swift; sourceTree = "<group>"; };
		C0DE00000000000000000033 /* MonitorTextFormat.swift */ = {isa = PBXFileReference; lastKnownFileType = sourcecode.swift; name = MonitorTextFormat.swift; path = ../Sources/OpenZCineCore/MonitorTextFormat.swift; sourceTree = SOURCE_ROOT; };
		C0DE0000000000000000003B /* FrameRateSampler.swift */ = {isa = PBXFileReference; lastKnownFileType = sourcecode.swift; name = FrameRateSampler.swift; path = ../Sources/OpenZCineCore/FrameRateSampler.swift; sourceTree = SOURCE_ROOT; };
		C0DE0000000000000000003D /* LiveViewWatchdog.swift */ = {isa = PBXFileReference; lastKnownFileType = sourcecode.swift; name = LiveViewWatchdog.swift; path = ../Sources/OpenZCineCore/LiveViewWatchdog.swift; sourceTree = SOURCE_ROOT; };
		C0DE0000000000000000003F /* RecordDurationEstimator.swift */ = {isa = PBXFileReference; lastKnownFileType = sourcecode.swift; name = RecordDurationEstimator.swift; path = ../Sources/OpenZCineCore/RecordDurationEstimator.swift; sourceTree = SOURCE_ROOT; };
		C0DE00000000000000000041 /* CameraLinkHealth.swift */ = {isa = PBXFileReference; lastKnownFileType = sourcecode.swift; name = CameraLinkHealth.swift; path = ../Sources/OpenZCineCore/CameraLinkHealth.swift; sourceTree = SOURCE_ROOT; };
		C0DE000000000000000000CB /* LinkSignalBars.swift */ = {isa = PBXFileReference; lastKnownFileType = sourcecode.swift; name = LinkSignalBars.swift; path = ../Sources/OpenZCineCore/LinkSignalBars.swift; sourceTree = SOURCE_ROOT; };
		C0DE00000000000000000043 /* PTPEvent.swift */ = {isa = PBXFileReference; lastKnownFileType = sourcecode.swift; name = PTPEvent.swift; path = ../Sources/OpenZCineCore/PTPEvent.swift; sourceTree = SOURCE_ROOT; };
		C0DE00000000000000000045 /* CameraWarningStatus.swift */ = {isa = PBXFileReference; lastKnownFileType = sourcecode.swift; name = CameraWarningStatus.swift; path = ../Sources/OpenZCineCore/CameraWarningStatus.swift; sourceTree = SOURCE_ROOT; };
		C0DE00000000000000000051 /* ConnectionProgressSheet.swift */ = {isa = PBXFileReference; lastKnownFileType = sourcecode.swift; path = ConnectionProgressSheet.swift; sourceTree = "<group>"; };
		C0DE00000000000000000053 /* ConnectionProgress.swift */ = {isa = PBXFileReference; lastKnownFileType = sourcecode.swift; name = ConnectionProgress.swift; path = ../Sources/OpenZCineCore/ConnectionProgress.swift; sourceTree = SOURCE_ROOT; };
		C0DE00000000000000000055 /* CameraWiFiSSID.swift */ = {isa = PBXFileReference; lastKnownFileType = sourcecode.swift; name = CameraWiFiSSID.swift; path = ../Sources/OpenZCineCore/CameraWiFiSSID.swift; sourceTree = SOURCE_ROOT; };
		C0DE00000000000000000057 /* WiFiJoinCoordinator.swift */ = {isa = PBXFileReference; lastKnownFileType = sourcecode.swift; path = WiFiJoinCoordinator.swift; sourceTree = "<group>"; };
		C0DE00000000000000000059 /* CameraWiFiCredentialStore.swift */ = {isa = PBXFileReference; lastKnownFileType = sourcecode.swift; path = CameraWiFiCredentialStore.swift; sourceTree = "<group>"; };
		C0DE00000000000000000061 /* AccessorySetupWiFiCoordinator.swift */ = {isa = PBXFileReference; lastKnownFileType = sourcecode.swift; path = AccessorySetupWiFiCoordinator.swift; sourceTree = "<group>"; };
		C0DE00000000000000000067 /* CameraWiFiScannerView.swift */ = {isa = PBXFileReference; lastKnownFileType = sourcecode.swift; path = CameraWiFiScannerView.swift; sourceTree = "<group>"; };
		C0DE00000000000000000069 /* StartupPermissions.swift */ = {isa = PBXFileReference; lastKnownFileType = sourcecode.swift; path = StartupPermissions.swift; sourceTree = "<group>"; };
		C0DE000000000000000000A1 /* CameraWiFiScreenParser.swift */ = {isa = PBXFileReference; lastKnownFileType = sourcecode.swift; name = CameraWiFiScreenParser.swift; path = ../Sources/OpenZCineCore/CameraWiFiScreenParser.swift; sourceTree = SOURCE_ROOT; };
		C0DE000000000000000000A3 /* MonitorPortraitLayout.swift */ = {isa = PBXFileReference; lastKnownFileType = sourcecode.swift; name = MonitorPortraitLayout.swift; path = ../Sources/OpenZCineCore/MonitorPortraitLayout.swift; sourceTree = SOURCE_ROOT; };
		C0DE000000000000000000B1 /* MonitorPortrait.swift */ = {isa = PBXFileReference; lastKnownFileType = sourcecode.swift; path = MonitorPortrait.swift; sourceTree = "<group>"; };
		C0DE000000000000000000B3 /* MonitorPortraitModules.swift */ = {isa = PBXFileReference; lastKnownFileType = sourcecode.swift; path = MonitorPortraitModules.swift; sourceTree = "<group>"; };
		C0DE000000000000000000C3 /* MonitorZoneLayout.swift */ = {isa = PBXFileReference; lastKnownFileType = sourcecode.swift; name = MonitorZoneLayout.swift; path = ../Sources/OpenZCineCore/MonitorZoneLayout.swift; sourceTree = SOURCE_ROOT; };
		C0DE000000000000000000C5 /* MonitorUnified.swift */ = {isa = PBXFileReference; lastKnownFileType = sourcecode.swift; path = MonitorUnified.swift; sourceTree = "<group>"; };
		C0DE000000000000000000C7 /* DemoHarness.swift */ = {isa = PBXFileReference; lastKnownFileType = sourcecode.swift; path = DemoHarness.swift; sourceTree = "<group>"; };
		C0DE000000000000000000C9 /* BluetoothShutterMonitor.swift */ = {isa = PBXFileReference; lastKnownFileType = sourcecode.swift; path = BluetoothShutterMonitor.swift; sourceTree = "<group>"; };
		C55F9DD1E7FF51371E4DC6E1 /* MediaBrowser.swift */ = {isa = PBXFileReference; includeInIndex = 1; lastKnownFileType = sourcecode.swift; path = MediaBrowser.swift; sourceTree = "<group>"; };
		CF7929C792624D92E4643373 /* FocusAssist.swift */ = {isa = PBXFileReference; includeInIndex = 1; lastKnownFileType = sourcecode.swift; name = FocusAssist.swift; path = ../Sources/OpenZCineCore/FocusAssist.swift; sourceTree = SOURCE_ROOT; };
		CTRN00000000000000000001 /* CameraTransport.swift */ = {isa = PBXFileReference; lastKnownFileType = sourcecode.swift; name = CameraTransport.swift; path = ../Sources/OpenZCineCore/CameraTransport.swift; sourceTree = SOURCE_ROOT; };
		D329D509E000B93B59AE9A11 /* ScopeSampler.swift */ = {isa = PBXFileReference; includeInIndex = 1; lastKnownFileType = sourcecode.swift; name = ScopeSampler.swift; path = ../Sources/OpenZCineCore/ScopeSampler.swift; sourceTree = SOURCE_ROOT; };
		D329D509E000B93B59AE9A12 /* AudioLevelMeter.swift */ = {isa = PBXFileReference; includeInIndex = 1; lastKnownFileType = sourcecode.swift; name = AudioLevelMeter.swift; path = ../Sources/OpenZCineCore/AudioLevelMeter.swift; sourceTree = SOURCE_ROOT; };
		DB04C097A96A69686057CDC6 /* RedLUTDownloadPolicy.swift */ = {isa = PBXFileReference; includeInIndex = 1; lastKnownFileType = sourcecode.swift; name = RedLUTDownloadPolicy.swift; path = ../Sources/OpenZCineCore/RedLUTDownloadPolicy.swift; sourceTree = SOURCE_ROOT; };
		DELTA00000000000000000002 /* MediaClipDiscoveryDelta.swift */ = {isa = PBXFileReference; lastKnownFileType = sourcecode.swift; name = MediaClipDiscoveryDelta.swift; path = ../Sources/OpenZCineCore/MediaClipDiscoveryDelta.swift; sourceTree = SOURCE_ROOT; };
		E7F2A1B03D4C5E6F7890ABCD /* Runner.entitlements */ = {isa = PBXFileReference; lastKnownFileType = text.plist.entitlements; path = Runner.entitlements; sourceTree = "<group>"; };
		FBD5D243C94FA3B8F8BEE3C5 /* TrafficLightsMeter.swift */ = {isa = PBXFileReference; includeInIndex = 1; lastKnownFileType = sourcecode.swift; name = TrafficLightsMeter.swift; path = ../Sources/OpenZCineCore/TrafficLightsMeter.swift; sourceTree = SOURCE_ROOT; };
		FC0D15A11A2B3C4D5E6F7002 /* MonitorDisplayToneMap.swift */ = {isa = PBXFileReference; includeInIndex = 1; lastKnownFileType = sourcecode.swift; name = MonitorDisplayToneMap.swift; path = ../Sources/OpenZCineCore/MonitorDisplayToneMap.swift; sourceTree = SOURCE_ROOT; };
		FEEDC0DEC0FFEE00BAADF001 /* ThermalLoadPolicy.swift */ = {isa = PBXFileReference; includeInIndex = 1; lastKnownFileType = sourcecode.swift; name = ThermalLoadPolicy.swift; path = ../Sources/OpenZCineCore/ThermalLoadPolicy.swift; sourceTree = SOURCE_ROOT; };
		ISO00000000000000000003 /* ISOPickerPolicy.swift */ = {isa = PBXFileReference; lastKnownFileType = sourcecode.swift; name = ISOPickerPolicy.swift; path = ../Sources/OpenZCineCore/ISOPickerPolicy.swift; sourceTree = SOURCE_ROOT; };
		LVSP00000000000000000001 /* LiveViewSignposts.swift */ = {isa = PBXFileReference; includeInIndex = 1; lastKnownFileType = sourcecode.swift; path = LiveViewSignposts.swift; sourceTree = "<group>"; };
		MFFB00000000000000000001 /* MetalFeedFrameBaker.swift */ = {isa = PBXFileReference; includeInIndex = 1; lastKnownFileType = sourcecode.swift; path = MetalFeedFrameBaker.swift; sourceTree = "<group>"; };
		PTPT00000000000000000001 /* PTPIPTransport.swift */ = {isa = PBXFileReference; lastKnownFileType = sourcecode.swift; path = PTPIPTransport.swift; sourceTree = "<group>"; };
		R3D00000000000000000003 /* R3DClipIndex.swift */ = {isa = PBXFileReference; lastKnownFileType = sourcecode.swift; name = R3DClipIndex.swift; path = ../Sources/OpenZCineCore/R3DClipIndex.swift; sourceTree = SOURCE_ROOT; };
		R3D00000000000000000005 /* R3DHeaderParser.swift */ = {isa = PBXFileReference; lastKnownFileType = sourcecode.swift; name = R3DHeaderParser.swift; path = ../Sources/OpenZCineCore/R3DHeaderParser.swift; sourceTree = SOURCE_ROOT; };
		R3D00000000000000000007 /* MediaClipFilename.swift */ = {isa = PBXFileReference; lastKnownFileType = sourcecode.swift; name = MediaClipFilename.swift; path = ../Sources/OpenZCineCore/MediaClipFilename.swift; sourceTree = SOURCE_ROOT; };
		R3D00000000000000000009 /* MediaResolutionBucket.swift */ = {isa = PBXFileReference; lastKnownFileType = sourcecode.swift; name = MediaResolutionBucket.swift; path = ../Sources/OpenZCineCore/MediaResolutionBucket.swift; sourceTree = SOURCE_ROOT; };
		USBC00000000000000000001 /* PTPUSBContainer.swift */ = {isa = PBXFileReference; lastKnownFileType = sourcecode.swift; name = PTPUSBContainer.swift; path = ../Sources/OpenZCineCore/PTPUSBContainer.swift; sourceTree = SOURCE_ROOT; };
		USBT00000000000000000001 /* USBCameraTransport.swift */ = {isa = PBXFileReference; lastKnownFileType = sourcecode.swift; path = USBCameraTransport.swift; sourceTree = "<group>"; };
		WTCH00000000000000000001 /* MonitorStateValues.swift */ = {isa = PBXFileReference; lastKnownFileType = sourcecode.swift; name = MonitorStateValues.swift; path = ../Sources/OpenZCineCore/MonitorStateValues.swift; sourceTree = SOURCE_ROOT; };
		WTCH00000000000000000003 /* WatchRelayProtocol.swift */ = {isa = PBXFileReference; lastKnownFileType = sourcecode.swift; name = WatchRelayProtocol.swift; path = ../Sources/OpenZCineCore/WatchRelayProtocol.swift; sourceTree = SOURCE_ROOT; };
		WTCH00000000000000000005 /* WatchRelay.swift */ = {isa = PBXFileReference; lastKnownFileType = sourcecode.swift; path = WatchRelay.swift; sourceTree = "<group>"; };
		WTCH00000000000000000021 /* OpenZCineWatchApp.swift */ = {isa = PBXFileReference; lastKnownFileType = sourcecode.swift; path = OpenZCineWatchApp.swift; sourceTree = "<group>"; };
		WTCH00000000000000000023 /* WatchSessionController.swift */ = {isa = PBXFileReference; lastKnownFileType = sourcecode.swift; path = WatchSessionController.swift; sourceTree = "<group>"; };
		WTCH00000000000000000025 /* WatchMonitorView.swift */ = {isa = PBXFileReference; lastKnownFileType = sourcecode.swift; path = WatchMonitorView.swift; sourceTree = "<group>"; };
		WTCH00000000000000000031 /* Info.plist */ = {isa = PBXFileReference; lastKnownFileType = text.plist.xml; path = Info.plist; sourceTree = "<group>"; };
		WTCH00000000000000000041 /* Assets.xcassets */ = {isa = PBXFileReference; lastKnownFileType = folder.assetcatalog; path = Assets.xcassets; sourceTree = "<group>"; };
		WTCH00000000000000000051 /* OpenZCineWatch.app */ = {isa = PBXFileReference; explicitFileType = wrapper.application; includeInIndex = 0; path = OpenZCineWatch.app; sourceTree = BUILT_PRODUCTS_DIR; };
		WTCH000000000000000000A4 /* Watch.xcconfig */ = {isa = PBXFileReference; includeInIndex = 1; lastKnownFileType = text.xcconfig; path = Watch.xcconfig; sourceTree = "<group>"; };
/* End PBXFileReference section */

/* Begin PBXFrameworksBuildPhase section */
		97C146EB1CF9000F007C117D /* Frameworks */ = {
			isa = PBXFrameworksBuildPhase;
			buildActionMask = 2147483647;
			files = (
				C8D4037E171A24541862E72C /* ZIPFoundation in Frameworks */,
			);
			runOnlyForDeploymentPostprocessing = 0;
		};
/* End PBXFrameworksBuildPhase section */

/* Begin PBXGroup section */
		331C8082294A63A400263BE5 /* RunnerTests */ = {
			isa = PBXGroup;
			children = (
				331C807B294A618700263BE5 /* RunnerTests.swift */,
				331C807C294A618700263BE6 /* CameraWiFiCredentialStoreTests.swift */,
				331C807D294A618700263BE7 /* FirstPairWizardStepTests.swift */,
			);
			path = RunnerTests;
			sourceTree = "<group>";
		};
		97C146E51CF9000F007C117D = {
			isa = PBXGroup;
			children = (
				97C146F01CF9000F007C117D /* Runner */,
				WTCH00000000000000000060 /* OpenZCineWatch */,
				97C146EF1CF9000F007C117D /* Products */,
				331C8082294A63A400263BE5 /* RunnerTests */,
				C0DE0000000000000000000B /* OpenZCineCore */,
			);
			sourceTree = "<group>";
		};
		97C146EF1CF9000F007C117D /* Products */ = {
			isa = PBXGroup;
			children = (
				97C146EE1CF9000F007C117D /* Runner.app */,
				331C8081294A63A400263BE5 /* RunnerTests.xctest */,
				WTCH00000000000000000051 /* OpenZCineWatch.app */,
			);
			name = Products;
			sourceTree = "<group>";
		};
		97C146F01CF9000F007C117D /* Runner */ = {
			isa = PBXGroup;
			children = (
				97C146FA1CF9000F007C117D /* Main.storyboard */,
				97C146FD1CF9000F007C117D /* Assets.xcassets */,
				97C146FF1CF9000F007C117D /* LaunchScreen.storyboard */,
				97C147021CF9000F007C117D /* Info.plist */,
				E7F2A1B03D4C5E6F7890ABCD /* Runner.entitlements */,
				74858FAE1ED2DC5600515810 /* AppDelegate.swift */,
				7884E8672EC3CC0400C636F2 /* SceneDelegate.swift */,
				C0DE00000000000000000002 /* NativeAppRoot.swift */,
				C0DE00000000000000000017 /* NativeCameraSession.swift */,
				C0DE00000000000000000019 /* NativeCameraDiscovery.swift */,
				PTPT00000000000000000001 /* PTPIPTransport.swift */,
				USBT00000000000000000001 /* USBCameraTransport.swift */,
				C0DE00000000000000000025 /* LinkExperience.swift */,
				C0DE00000000000000000027 /* StartupDesign.swift */,
				C0DE00000000000000000051 /* ConnectionProgressSheet.swift */,
				C0DE00000000000000000057 /* WiFiJoinCoordinator.swift */,
				C0DE00000000000000000061 /* AccessorySetupWiFiCoordinator.swift */,
				C0DE00000000000000000067 /* CameraWiFiScannerView.swift */,
				C0DE00000000000000000069 /* StartupPermissions.swift */,
				C0DE00000000000000000059 /* CameraWiFiCredentialStore.swift */,
				C0DE00000000000000000029 /* MonitorExperience.swift */,
				C0DE0000000000000000002B /* MonitorPanels.swift */,
				C0DE000000000000000000C9 /* BluetoothShutterMonitor.swift */,
				C0DE000000000000000000C7 /* DemoHarness.swift */,
				C0DE0000000000000000002D /* MonitorOverlays.swift */,
				C0DE000000000000000000B1 /* MonitorPortrait.swift */,
				C0DE000000000000000000B3 /* MonitorPortraitModules.swift */,
				C0DE000000000000000000C5 /* MonitorUnified.swift */,
				C0DE0000000000000000002F /* MonitorControls.swift */,
				C0DE00000000000000000031 /* DesignShared.swift */,
				BRND00000000000000000001 /* Branding.swift */,
				9CBD525AC3DBD970F94757B7 /* RedDownloadView.swift */,
				4705C589D7D31926D41CEF6A /* LiveFrameProcessor.swift */,
				5E6F708192A3B4C5D6E7F809 /* ImageEffectsCompositor.swift */,
				B47FA7E6D89EF63D0B2B27B2 /* FrameDecoder.swift */,
				43398C0B64AE0344D7602746 /* MetalLiveView.swift */,
				31188208A12A06911B1DC3AB /* FrameScopeSampler.swift */,
				A1B2C3D4E5F60718293A4B5C /* ScopeAssistSampling.swift */,
				AB12CD34EF56AB12CD34EF02 /* ScopeTraceMetalView.swift */,
				644DDD304FCF0ED7CCA39F90 /* MediaLibrary.swift */,
				C55F9DD1E7FF51371E4DC6E1 /* MediaBrowser.swift */,
				1B2C3D4E5F60718293A4B5C6 /* PlaybackAssists.swift */,
				2C3D4E5F60718293A4B5C6D7 /* MediaDelivery.swift */,
				3D4E5F60718293A4B5C6D7E8 /* MediaDeliveryPopup.swift */,
				4E5F60718293A4B5C6D7E8F9 /* MediaDeliveryOverlay.swift */,
				829F835A9A819D7AC6992CDE /* MediaLUTExport.swift */,
				4F754633AC5090E76E19F5CD /* FrameioOAuth.swift */,
				381B085F758DD57850E6CFAE /* FrameioModels.swift */,
				953D4988DD8F529689A672A9 /* FrameioClient.swift */,
				58822FE5CB612396F3D33712 /* FrameioAuthCoordinator.swift */,
				B9578B6D1A89B8B2442A8FED /* FrameioModel.swift */,
				8A734335F354C2421CD93905 /* Frameio.xcconfig */,
				9B8454460465D3532DE04016 /* Version.xcconfig */,
				B99B47BB1FB3BC66DC16FAC8 /* Frameio.local.xcconfig.example */,
				852060CB19F3A779DA73A8F3 /* LiveFrameRenderer.swift */,
				LVSP00000000000000000001 /* LiveViewSignposts.swift */,
				MFFB00000000000000000001 /* MetalFeedFrameBaker.swift */,
				0E2135AF026E5ECA7A9DD631 /* InternetReachability.swift */,
				WTCH00000000000000000005 /* WatchRelay.swift */,
			);
			path = Runner;
			sourceTree = "<group>";
		};
		C0DE0000000000000000000B /* OpenZCineCore */ = {
			isa = PBXGroup;
			children = (
				C0DE00000000000000000004 /* ByteCoding.swift */,
				C0DE00000000000000000006 /* PTPIPPacket.swift */,
				C0DE0000000000000000000D /* PTPIPHandshake.swift */,
				C0DE0000000000000000001D /* PTPIPPairedHosts.swift */,
				C0DE0000000000000000001F /* PTPIPSavedCameraRecords.swift */,
				C0DE00000000000000000053 /* ConnectionProgress.swift */,
				C0DE000000000000000000A1 /* CameraWiFiScreenParser.swift */,
				C0DE00000000000000000055 /* CameraWiFiSSID.swift */,
				C0DE0000000000000000000F /* PTPIPTransaction.swift */,
				CTRN00000000000000000001 /* CameraTransport.swift */,
				USBC00000000000000000001 /* PTPUSBContainer.swift */,
				C0DE00000000000000000015 /* PTPDeviceInfo.swift */,
				C0DE0000000000000000001B /* CameraDiscovery.swift */,
				ISO00000000000000000003 /* ISOPickerPolicy.swift */,
				R3D00000000000000000007 /* MediaClipFilename.swift */,
				DELTA00000000000000000002 /* MediaClipDiscoveryDelta.swift */,
				R3D00000000000000000009 /* MediaResolutionBucket.swift */,
				R3D00000000000000000005 /* R3DHeaderParser.swift */,
				R3D00000000000000000003 /* R3DClipIndex.swift */,
				C0DE00000000000000000008 /* PTPOperation.swift */,
				C0DE00000000000000000043 /* PTPEvent.swift */,
				C0DE00000000000000000045 /* CameraWarningStatus.swift */,
				C0DE00000000000000000021 /* PTPLiveViewObject.swift */,
				C0DE00000000000000000023 /* PTPCameraProperties.swift */,
				C0DE0000000000000000000A /* CameraDisplayState.swift */,
				C0DE00000000000000000011 /* MonitorLayoutPolicy.swift */,
				C0DE000000000000000000A3 /* MonitorPortraitLayout.swift */,
				C0DE000000000000000000C3 /* MonitorZoneLayout.swift */,
				C0DE00000000000000000013 /* OperatorPreferences.swift */,
				C0DE00000000000000000033 /* MonitorTextFormat.swift */,
				C0DE0000000000000000003B /* FrameRateSampler.swift */,
				C0DE0000000000000000003D /* LiveViewWatchdog.swift */,
				C0DE00000000000000000041 /* CameraLinkHealth.swift */,
				C0DE000000000000000000CB /* LinkSignalBars.swift */,
				C0DE0000000000000000003F /* RecordDurationEstimator.swift */,
				4A371B3334DBAAA71593727B /* AssistToolActivation.swift */,
				C08D59A4E8FE339FD74256B9 /* CubeLUT.swift */,
				1E943CC20E05A8C345F7D2A9 /* MonitorLUT.swift */,
				FC0D15A11A2B3C4D5E6F7002 /* MonitorDisplayToneMap.swift */,
				50E264D06796DCA124FB4D87 /* LUTLibrary.swift */,
				255DC60AACB3D2B7FFF2AF19 /* ExposureScale.swift */,
				FEEDC0DEC0FFEE00BAADF001 /* ThermalLoadPolicy.swift */,
				2B3C4D5E6F708192A3B4C5D6 /* ScopeDisplayScale.swift */,
				0205F75CD14D96A1E9B884E9 /* FalseColor.swift */,
				D329D509E000B93B59AE9A11 /* ScopeSampler.swift */,
				D329D509E000B93B59AE9A12 /* AudioLevelMeter.swift */,
				CF7929C792624D92E4643373 /* FocusAssist.swift */,
				B2B678A3A4294796B364EAB6 /* ReconnectBackoff.swift */,
				73A63103171670B54E666A01 /* PTPIPReadBuffer.swift */,
				FBD5D243C94FA3B8F8BEE3C5 /* TrafficLightsMeter.swift */,
				DB04C097A96A69686057CDC6 /* RedLUTDownloadPolicy.swift */,
				WTCH00000000000000000001 /* MonitorStateValues.swift */,
				WTCH00000000000000000003 /* WatchRelayProtocol.swift */,
			);
			name = OpenZCineCore;
			sourceTree = "<group>";
		};
		WTCH00000000000000000060 /* OpenZCineWatch */ = {
			isa = PBXGroup;
			children = (
				WTCH00000000000000000021 /* OpenZCineWatchApp.swift */,
				WTCH00000000000000000023 /* WatchSessionController.swift */,
				WTCH00000000000000000025 /* WatchMonitorView.swift */,
				WTCH00000000000000000041 /* Assets.xcassets */,
				WTCH00000000000000000031 /* Info.plist */,
				WTCH000000000000000000A4 /* Watch.xcconfig */,
			);
			path = OpenZCineWatch;
			sourceTree = "<group>";
		};
/* End PBXGroup section */

/* Begin PBXNativeTarget section */
		331C8080294A63A400263BE5 /* RunnerTests */ = {
			isa = PBXNativeTarget;
			buildConfigurationList = 331C8087294A63A400263BE5 /* Build configuration list for PBXNativeTarget "RunnerTests" */;
			buildPhases = (
				331C807D294A63A400263BE5 /* Sources */,
				331C807F294A63A400263BE5 /* Resources */,
			);
			buildRules = (
			);
			dependencies = (
				331C8086294A63A400263BE5 /* PBXTargetDependency */,
			);
			name = RunnerTests;
			productName = RunnerTests;
			productReference = 331C8081294A63A400263BE5 /* RunnerTests.xctest */;
			productType = "com.apple.product-type.bundle.unit-test";
		};
		97C146ED1CF9000F007C117D /* Runner */ = {
			isa = PBXNativeTarget;
			buildConfigurationList = 97C147051CF9000F007C117D /* Build configuration list for PBXNativeTarget "Runner" */;
			buildPhases = (
				97C146EA1CF9000F007C117D /* Sources */,
				97C146EB1CF9000F007C117D /* Frameworks */,
				97C146EC1CF9000F007C117D /* Resources */,
				9705A1C41CF9048500538489 /* Embed Frameworks */,
				WTCH00000000000000000080 /* Embed Watch Content */,
			);
			buildRules = (
			);
			dependencies = (
				WTCH00000000000000000092 /* PBXTargetDependency */,
			);
			name = Runner;
			packageProductDependencies = (
				9EA6CE98C555E02FA7EFB7D1 /* ZIPFoundation */,
			);
			productName = Runner;
			productReference = 97C146EE1CF9000F007C117D /* Runner.app */;
			productType = "com.apple.product-type.application";
		};
		WTCH00000000000000000090 /* OpenZCineWatch */ = {
			isa = PBXNativeTarget;
			buildConfigurationList = WTCH000000000000000000A0 /* Build configuration list for PBXNativeTarget "OpenZCineWatch" */;
			buildPhases = (
				WTCH00000000000000000070 /* Sources */,
				WTCH00000000000000000071 /* Resources */,
			);
			buildRules = (
			);
			dependencies = (
			);
			name = OpenZCineWatch;
			productName = OpenZCineWatch;
			productReference = WTCH00000000000000000051 /* OpenZCineWatch.app */;
			productType = "com.apple.product-type.application";
		};
/* End PBXNativeTarget section */

/* Begin PBXProject section */
		97C146E61CF9000F007C117D /* Project object */ = {
			isa = PBXProject;
			attributes = {
				BuildIndependentTargetsInParallel = YES;
				LastUpgradeCheck = 1510;
				ORGANIZATIONNAME = "";
				TargetAttributes = {
					331C8080294A63A400263BE5 = {
						CreatedOnToolsVersion = 14.0;
						TestTargetID = 97C146ED1CF9000F007C117D;
					};
					97C146ED1CF9000F007C117D = {
						CreatedOnToolsVersion = 7.3.1;
						LastSwiftMigration = 1100;
					};
					WTCH00000000000000000090 = {
						CreatedOnToolsVersion = 26.2;
					};
				};
			};
			buildConfigurationList = 97C146E91CF9000F007C117D /* Build configuration list for PBXProject "Runner" */;
			compatibilityVersion = "Xcode 9.3";
			developmentRegion = en;
			hasScannedForEncodings = 0;
			knownRegions = (
				en,
				Base,
			);
			mainGroup = 97C146E51CF9000F007C117D;
			packageReferences = (
				C1D481E62942495BE87DEEC4 /* XCRemoteSwiftPackageReference "ZIPFoundation" */,
			);
			productRefGroup = 97C146EF1CF9000F007C117D /* Products */;
			projectDirPath = "";
			projectRoot = "";
			targets = (
				97C146ED1CF9000F007C117D /* Runner */,
				331C8080294A63A400263BE5 /* RunnerTests */,
				WTCH00000000000000000090 /* OpenZCineWatch */,
			);
		};
/* End PBXProject section */

/* Begin PBXResourcesBuildPhase section */
		331C807F294A63A400263BE5 /* Resources */ = {
			isa = PBXResourcesBuildPhase;
			buildActionMask = 2147483647;
			files = (
			);
			runOnlyForDeploymentPostprocessing = 0;
		};
		97C146EC1CF9000F007C117D /* Resources */ = {
			isa = PBXResourcesBuildPhase;
			buildActionMask = 2147483647;
			files = (
				97C147011CF9000F007C117D /* LaunchScreen.storyboard in Resources */,
				97C146FE1CF9000F007C117D /* Assets.xcassets in Resources */,
				97C146FC1CF9000F007C117D /* Main.storyboard in Resources */,
			);
			runOnlyForDeploymentPostprocessing = 0;
		};
		WTCH00000000000000000071 /* Resources */ = {
			isa = PBXResourcesBuildPhase;
			buildActionMask = 2147483647;
			files = (
				WTCH00000000000000000042 /* Assets.xcassets in Resources */,
			);
			runOnlyForDeploymentPostprocessing = 0;
		};
/* End PBXResourcesBuildPhase section */

/* Begin PBXSourcesBuildPhase section */
		331C807D294A63A400263BE5 /* Sources */ = {
			isa = PBXSourcesBuildPhase;
			buildActionMask = 2147483647;
			files = (
				331C808B294A63AB00263BE5 /* RunnerTests.swift in Sources */,
				331C808C294A63AB00263BE6 /* CameraWiFiCredentialStoreTests.swift in Sources */,
				331C808D294A63AB00263BE7 /* FirstPairWizardStepTests.swift in Sources */,
			);
			runOnlyForDeploymentPostprocessing = 0;
		};
		97C146EA1CF9000F007C117D /* Sources */ = {
			isa = PBXSourcesBuildPhase;
			buildActionMask = 2147483647;
			files = (
				74858FAF1ED2DC5600515810 /* AppDelegate.swift in Sources */,
				C0DE00000000000000000003 /* ByteCoding.swift in Sources */,
				C0DE00000000000000000009 /* CameraDisplayState.swift in Sources */,
				C0DE00000000000000000001 /* NativeAppRoot.swift in Sources */,
				C0DE00000000000000000016 /* NativeCameraSession.swift in Sources */,
				C0DE00000000000000000018 /* NativeCameraDiscovery.swift in Sources */,
				PTPT00000000000000000002 /* PTPIPTransport.swift in Sources */,
				USBT00000000000000000002 /* USBCameraTransport.swift in Sources */,
				CTRN00000000000000000002 /* CameraTransport.swift in Sources */,
				USBC00000000000000000002 /* PTPUSBContainer.swift in Sources */,
				C0DE00000000000000000024 /* LinkExperience.swift in Sources */,
				C0DE00000000000000000026 /* StartupDesign.swift in Sources */,
				C0DE00000000000000000050 /* ConnectionProgressSheet.swift in Sources */,
				C0DE00000000000000000028 /* MonitorExperience.swift in Sources */,
				C0DE0000000000000000002A /* MonitorPanels.swift in Sources */,
				C0DE000000000000000000C8 /* BluetoothShutterMonitor.swift in Sources */,
				C0DE000000000000000000C6 /* DemoHarness.swift in Sources */,
				C0DE0000000000000000002C /* MonitorOverlays.swift in Sources */,
				C0DE000000000000000000B0 /* MonitorPortrait.swift in Sources */,
				C0DE000000000000000000B2 /* MonitorPortraitModules.swift in Sources */,
				C0DE000000000000000000C4 /* MonitorUnified.swift in Sources */,
				C0DE0000000000000000002E /* MonitorControls.swift in Sources */,
				C0DE00000000000000000030 /* DesignShared.swift in Sources */,
				BRND00000000000000000002 /* Branding.swift in Sources */,
				C0DE0000000000000000001A /* CameraDiscovery.swift in Sources */,
				C0DE0000000000000000000C /* PTPIPHandshake.swift in Sources */,
				C0DE0000000000000000001C /* PTPIPPairedHosts.swift in Sources */,
				C0DE0000000000000000001E /* PTPIPSavedCameraRecords.swift in Sources */,
				C0DE00000000000000000052 /* ConnectionProgress.swift in Sources */,
				C0DE000000000000000000A0 /* CameraWiFiScreenParser.swift in Sources */,
				C0DE00000000000000000054 /* CameraWiFiSSID.swift in Sources */,
				C0DE00000000000000000056 /* WiFiJoinCoordinator.swift in Sources */,
				C0DE00000000000000000060 /* AccessorySetupWiFiCoordinator.swift in Sources */,
				C0DE00000000000000000066 /* CameraWiFiScannerView.swift in Sources */,
				C0DE00000000000000000068 /* StartupPermissions.swift in Sources */,
				C0DE00000000000000000058 /* CameraWiFiCredentialStore.swift in Sources */,
				C0DE0000000000000000000E /* PTPIPTransaction.swift in Sources */,
				C0DE00000000000000000005 /* PTPIPPacket.swift in Sources */,
				C0DE00000000000000000010 /* MonitorLayoutPolicy.swift in Sources */,
				C0DE000000000000000000A2 /* MonitorPortraitLayout.swift in Sources */,
				C0DE000000000000000000C2 /* MonitorZoneLayout.swift in Sources */,
				ISO00000000000000000002 /* ISOPickerPolicy.swift in Sources */,
				R3D00000000000000000006 /* MediaClipFilename.swift in Sources */,
				DELTA00000000000000000001 /* MediaClipDiscoveryDelta.swift in Sources */,
				R3D00000000000000000008 /* MediaResolutionBucket.swift in Sources */,
				R3D00000000000000000004 /* R3DHeaderParser.swift in Sources */,
				R3D00000000000000000002 /* R3DClipIndex.swift in Sources */,
				C0DE00000000000000000007 /* PTPOperation.swift in Sources */,
				C0DE00000000000000000042 /* PTPEvent.swift in Sources */,
				C0DE00000000000000000044 /* CameraWarningStatus.swift in Sources */,
				C0DE00000000000000000020 /* PTPLiveViewObject.swift in Sources */,
				C0DE00000000000000000022 /* PTPCameraProperties.swift in Sources */,
				C0DE00000000000000000012 /* OperatorPreferences.swift in Sources */,
				C0DE00000000000000000032 /* MonitorTextFormat.swift in Sources */,
				C0DE0000000000000000003A /* FrameRateSampler.swift in Sources */,
				C0DE0000000000000000003C /* LiveViewWatchdog.swift in Sources */,
				C0DE00000000000000000040 /* CameraLinkHealth.swift in Sources */,
				C0DE000000000000000000CA /* LinkSignalBars.swift in Sources */,
				C0DE0000000000000000003E /* RecordDurationEstimator.swift in Sources */,
				C0DE00000000000000000014 /* PTPDeviceInfo.swift in Sources */,
				7884E8682EC3CC0700C636F2 /* SceneDelegate.swift in Sources */,
				6A455A5E5D850A48FD899BF4 /* AssistToolActivation.swift in Sources */,
				7182A6D4C55420DE0C30F08E /* CubeLUT.swift in Sources */,
				354E32F45664AA90999EF23C /* MonitorLUT.swift in Sources */,
				FC0D15A11A2B3C4D5E6F7001 /* MonitorDisplayToneMap.swift in Sources */,
				157EA76CF9AF666C94A66343 /* LUTLibrary.swift in Sources */,
				CB93FB6A1D71AEDB8B9E9943 /* RedDownloadView.swift in Sources */,
				83D6A5BD768E346D128C862E /* ExposureScale.swift in Sources */,
				FEEDC0DEC0FFEE00BAADF002 /* ThermalLoadPolicy.swift in Sources */,
				3C4D5E6F708192A3B4C5D6E7 /* ScopeDisplayScale.swift in Sources */,
				503189555B5DB867F6C29F0F /* FalseColor.swift in Sources */,
				3B2081943B1D2A36C4DA228C /* ScopeSampler.swift in Sources */,
				3B2081943B1D2A36C4DA228D /* AudioLevelMeter.swift in Sources */,
				B61762BD19CC1640C62FBF9E /* FocusAssist.swift in Sources */,
				46C255DF9F950970DD29C3C8 /* LiveFrameProcessor.swift in Sources */,
				4D5E6F708192A3B4C5D6E7F8 /* ImageEffectsCompositor.swift in Sources */,
				F83294C886529F69D6290D21 /* ReconnectBackoff.swift in Sources */,
				ED942B35B16175F88FEAC439 /* PTPIPReadBuffer.swift in Sources */,
				78BE124BA79C2860F3D7D6EA /* FrameDecoder.swift in Sources */,
				0F8144A1310FEEE9A63795A8 /* MetalLiveView.swift in Sources */,
				8E1FB0F353F42E2DCCDEF3F0 /* FrameScopeSampler.swift in Sources */,
				A1B2C3D4E5F60718293A4B5D /* ScopeAssistSampling.swift in Sources */,
				AB12CD34EF56AB12CD34EF01 /* ScopeTraceMetalView.swift in Sources */,
				B99D6EF97E8D8305109E60C4 /* MediaLibrary.swift in Sources */,
				079C56E717DE773E92A622FF /* MediaBrowser.swift in Sources */,
				0A1B2C3D4E5F60718293A4B5 /* PlaybackAssists.swift in Sources */,
				0B1C2D3E4F5061728394A5B6 /* MediaDelivery.swift in Sources */,
				0C1D2E3F405162738495A6B7 /* MediaDeliveryPopup.swift in Sources */,
				0D1E2F30415263748596A7B8 /* MediaDeliveryOverlay.swift in Sources */,
				947DA2098F211AFA82954980 /* MediaLUTExport.swift in Sources */,
				314BDCD7FD3C538AA88BFC57 /* FrameioOAuth.swift in Sources */,
				16C4F9FED363497072C19ACC /* FrameioModels.swift in Sources */,
				223A328A28F6A9969245C3A0 /* FrameioClient.swift in Sources */,
				FE72B160881FCAA3A5BAE57C /* FrameioAuthCoordinator.swift in Sources */,
				200294648F339E5403B98101 /* FrameioModel.swift in Sources */,
				65B3F5B581BF634D6C8247CD /* TrafficLightsMeter.swift in Sources */,
				A652A40C5850105E136F0739 /* LiveFrameRenderer.swift in Sources */,
				LVSP00000000000000000002 /* LiveViewSignposts.swift in Sources */,
				MFFB00000000000000000002 /* MetalFeedFrameBaker.swift in Sources */,
				1D22C3C5DAA147DC1A7F2057 /* InternetReachability.swift in Sources */,
				CEBC16AE05672B92F74F3A8E /* RedLUTDownloadPolicy.swift in Sources */,
				WTCH00000000000000000002 /* MonitorStateValues.swift in Sources */,
				WTCH00000000000000000004 /* WatchRelayProtocol.swift in Sources */,
				WTCH00000000000000000006 /* WatchRelay.swift in Sources */,
			);
			runOnlyForDeploymentPostprocessing = 0;
		};
		WTCH00000000000000000070 /* Sources */ = {
			isa = PBXSourcesBuildPhase;
			buildActionMask = 2147483647;
			files = (
				WTCH00000000000000000022 /* OpenZCineWatchApp.swift in Sources */,
				WTCH00000000000000000024 /* WatchSessionController.swift in Sources */,
				WTCH00000000000000000026 /* WatchMonitorView.swift in Sources */,
				WTCH00000000000000000012 /* MonitorStateValues.swift in Sources */,
				WTCH00000000000000000014 /* WatchRelayProtocol.swift in Sources */,
			);
			runOnlyForDeploymentPostprocessing = 0;
		};
/* End PBXSourcesBuildPhase section */

/* Begin PBXTargetDependency section */
		331C8086294A63A400263BE5 /* PBXTargetDependency */ = {
			isa = PBXTargetDependency;
			target = 97C146ED1CF9000F007C117D /* Runner */;
			targetProxy = 331C8085294A63A400263BE5 /* PBXContainerItemProxy */;
		};
		WTCH00000000000000000092 /* PBXTargetDependency */ = {
			isa = PBXTargetDependency;
			target = WTCH00000000000000000090 /* OpenZCineWatch */;
			targetProxy = WTCH00000000000000000091 /* PBXContainerItemProxy */;
		};
/* End PBXTargetDependency section */

/* Begin PBXVariantGroup section */
		97C146FA1CF9000F007C117D /* Main.storyboard */ = {
			isa = PBXVariantGroup;
			children = (
				97C146FB1CF9000F007C117D /* Base */,
			);
			name = Main.storyboard;
			sourceTree = "<group>";
		};
		97C146FF1CF9000F007C117D /* LaunchScreen.storyboard */ = {
			isa = PBXVariantGroup;
			children = (
				97C147001CF9000F007C117D /* Base */,
			);
			name = LaunchScreen.storyboard;
			sourceTree = "<group>";
		};
/* End PBXVariantGroup section */

/* Begin XCBuildConfiguration section */
		249021D3217E4FDB00AE95B9 /* Profile */ = {
			isa = XCBuildConfiguration;
			buildSettings = {
				ALWAYS_SEARCH_USER_PATHS = NO;
				ASSETCATALOG_COMPILER_GENERATE_SWIFT_ASSET_SYMBOL_EXTENSIONS = YES;
				CLANG_ANALYZER_NONNULL = YES;
				CLANG_CXX_LANGUAGE_STANDARD = "gnu++0x";
				CLANG_CXX_LIBRARY = "libc++";
				CLANG_ENABLE_MODULES = YES;
				CLANG_ENABLE_OBJC_ARC = YES;
				CLANG_WARN_BLOCK_CAPTURE_AUTORELEASING = YES;
				CLANG_WARN_BOOL_CONVERSION = YES;
				CLANG_WARN_COMMA = YES;
				CLANG_WARN_CONSTANT_CONVERSION = YES;
				CLANG_WARN_DEPRECATED_OBJC_IMPLEMENTATIONS = YES;
				CLANG_WARN_DIRECT_OBJC_ISA_USAGE = YES_ERROR;
				CLANG_WARN_EMPTY_BODY = YES;
				CLANG_WARN_ENUM_CONVERSION = YES;
				CLANG_WARN_INFINITE_RECURSION = YES;
				CLANG_WARN_INT_CONVERSION = YES;
				CLANG_WARN_NON_LITERAL_NULL_CONVERSION = YES;
				CLANG_WARN_OBJC_IMPLICIT_RETAIN_SELF = YES;
				CLANG_WARN_OBJC_LITERAL_CONVERSION = YES;
				CLANG_WARN_OBJC_ROOT_CLASS = YES_ERROR;
				CLANG_WARN_RANGE_LOOP_ANALYSIS = YES;
				CLANG_WARN_STRICT_PROTOTYPES = YES;
				CLANG_WARN_SUSPICIOUS_MOVE = YES;
				CLANG_WARN_UNREACHABLE_CODE = YES;
				CLANG_WARN__DUPLICATE_METHOD_MATCH = YES;
				"CODE_SIGN_IDENTITY[sdk=iphoneos*]" = "iPhone Developer";
				COPY_PHASE_STRIP = NO;
				DEBUG_INFORMATION_FORMAT = "dwarf-with-dsym";
				ENABLE_NS_ASSERTIONS = NO;
				ENABLE_STRICT_OBJC_MSGSEND = YES;
				ENABLE_USER_SCRIPT_SANDBOXING = NO;
				GCC_C_LANGUAGE_STANDARD = gnu99;
				GCC_NO_COMMON_BLOCKS = YES;
				GCC_WARN_64_TO_32_BIT_CONVERSION = YES;
				GCC_WARN_ABOUT_RETURN_TYPE = YES_ERROR;
				GCC_WARN_UNDECLARED_SELECTOR = YES;
				GCC_WARN_UNINITIALIZED_AUTOS = YES_AGGRESSIVE;
				GCC_WARN_UNUSED_FUNCTION = YES;
				GCC_WARN_UNUSED_VARIABLE = YES;
				IPHONEOS_DEPLOYMENT_TARGET = 17.0;
				MTL_ENABLE_DEBUG_INFO = NO;
				SDKROOT = iphoneos;
				SUPPORTED_PLATFORMS = iphoneos;
				TARGETED_DEVICE_FAMILY = "1,2";
				VALIDATE_PRODUCT = YES;
			};
			name = Profile;
		};
		249021D4217E4FDB00AE95B9 /* Profile */ = {
			isa = XCBuildConfiguration;
			baseConfigurationReference = 8A734335F354C2421CD93905 /* Frameio.xcconfig */;
			buildSettings = {
				ASSETCATALOG_COMPILER_APPICON_NAME = AppIcon;
				CLANG_ENABLE_MODULES = YES;
				CODE_SIGN_ENTITLEMENTS = Runner/Runner.entitlements;
				DEVELOPMENT_TEAM = 4V4EGQ6LZA;
				ENABLE_BITCODE = NO;
				INFOPLIST_FILE = Runner/Info.plist;
				LD_RUNPATH_SEARCH_PATHS = (
					"$(inherited)",
					"@executable_path/Frameworks",
				);
				PRODUCT_BUNDLE_IDENTIFIER = com.opencapture.openzcine;
				PRODUCT_NAME = "$(TARGET_NAME)";
				SWIFT_VERSION = 6.0;
				VERSIONING_SYSTEM = "apple-generic";
			};
			name = Profile;
		};
		331C8088294A63A400263BE5 /* Debug */ = {
			isa = XCBuildConfiguration;
			baseConfigurationReference = 9B8454460465D3532DE04016 /* Version.xcconfig */;
			buildSettings = {
				BUNDLE_LOADER = "$(TEST_HOST)";
				CODE_SIGN_STYLE = Automatic;
				GENERATE_INFOPLIST_FILE = YES;
				PRODUCT_BUNDLE_IDENTIFIER = com.opencapture.openzcine.RunnerTests;
				PRODUCT_NAME = "$(TARGET_NAME)";
				SWIFT_ACTIVE_COMPILATION_CONDITIONS = DEBUG;
				SWIFT_OPTIMIZATION_LEVEL = "-Onone";
				SWIFT_VERSION = 6.0;
				TEST_HOST = "$(BUILT_PRODUCTS_DIR)/Runner.app/$(BUNDLE_EXECUTABLE_FOLDER_PATH)/Runner";
			};
			name = Debug;
		};
		331C8089294A63A400263BE5 /* Release */ = {
			isa = XCBuildConfiguration;
			baseConfigurationReference = 9B8454460465D3532DE04016 /* Version.xcconfig */;
			buildSettings = {
				BUNDLE_LOADER = "$(TEST_HOST)";
				CODE_SIGN_STYLE = Automatic;
				GENERATE_INFOPLIST_FILE = YES;
				PRODUCT_BUNDLE_IDENTIFIER = com.opencapture.openzcine.RunnerTests;
				PRODUCT_NAME = "$(TARGET_NAME)";
				SWIFT_VERSION = 6.0;
				TEST_HOST = "$(BUILT_PRODUCTS_DIR)/Runner.app/$(BUNDLE_EXECUTABLE_FOLDER_PATH)/Runner";
			};
			name = Release;
		};
		331C808A294A63A400263BE5 /* Profile */ = {
			isa = XCBuildConfiguration;
			baseConfigurationReference = 9B8454460465D3532DE04016 /* Version.xcconfig */;
			buildSettings = {
				BUNDLE_LOADER = "$(TEST_HOST)";
				CODE_SIGN_STYLE = Automatic;
				GENERATE_INFOPLIST_FILE = YES;
				PRODUCT_BUNDLE_IDENTIFIER = com.opencapture.openzcine.RunnerTests;
				PRODUCT_NAME = "$(TARGET_NAME)";
				SWIFT_VERSION = 6.0;
				TEST_HOST = "$(BUILT_PRODUCTS_DIR)/Runner.app/$(BUNDLE_EXECUTABLE_FOLDER_PATH)/Runner";
			};
			name = Profile;
		};
		97C147031CF9000F007C117D /* Debug */ = {
			isa = XCBuildConfiguration;
			buildSettings = {
				ALWAYS_SEARCH_USER_PATHS = NO;
				ASSETCATALOG_COMPILER_GENERATE_SWIFT_ASSET_SYMBOL_EXTENSIONS = YES;
				CLANG_ANALYZER_NONNULL = YES;
				CLANG_CXX_LANGUAGE_STANDARD = "gnu++0x";
				CLANG_CXX_LIBRARY = "libc++";
				CLANG_ENABLE_MODULES = YES;
				CLANG_ENABLE_OBJC_ARC = YES;
				CLANG_WARN_BLOCK_CAPTURE_AUTORELEASING = YES;
				CLANG_WARN_BOOL_CONVERSION = YES;
				CLANG_WARN_COMMA = YES;
				CLANG_WARN_CONSTANT_CONVERSION = YES;
				CLANG_WARN_DEPRECATED_OBJC_IMPLEMENTATIONS = YES;
				CLANG_WARN_DIRECT_OBJC_ISA_USAGE = YES_ERROR;
				CLANG_WARN_EMPTY_BODY = YES;
				CLANG_WARN_ENUM_CONVERSION = YES;
				CLANG_WARN_INFINITE_RECURSION = YES;
				CLANG_WARN_INT_CONVERSION = YES;
				CLANG_WARN_NON_LITERAL_NULL_CONVERSION = YES;
				CLANG_WARN_OBJC_IMPLICIT_RETAIN_SELF = YES;
				CLANG_WARN_OBJC_LITERAL_CONVERSION = YES;
				CLANG_WARN_OBJC_ROOT_CLASS = YES_ERROR;
				CLANG_WARN_RANGE_LOOP_ANALYSIS = YES;
				CLANG_WARN_STRICT_PROTOTYPES = YES;
				CLANG_WARN_SUSPICIOUS_MOVE = YES;
				CLANG_WARN_UNREACHABLE_CODE = YES;
				CLANG_WARN__DUPLICATE_METHOD_MATCH = YES;
				"CODE_SIGN_IDENTITY[sdk=iphoneos*]" = "iPhone Developer";
				COPY_PHASE_STRIP = NO;
				DEBUG_INFORMATION_FORMAT = dwarf;
				ENABLE_STRICT_OBJC_MSGSEND = YES;
				ENABLE_TESTABILITY = YES;
				ENABLE_USER_SCRIPT_SANDBOXING = NO;
				GCC_C_LANGUAGE_STANDARD = gnu99;
				GCC_DYNAMIC_NO_PIC = NO;
				GCC_NO_COMMON_BLOCKS = YES;
				GCC_OPTIMIZATION_LEVEL = 0;
				GCC_PREPROCESSOR_DEFINITIONS = (
					"DEBUG=1",
					"$(inherited)",
				);
				GCC_WARN_64_TO_32_BIT_CONVERSION = YES;
				GCC_WARN_ABOUT_RETURN_TYPE = YES_ERROR;
				GCC_WARN_UNDECLARED_SELECTOR = YES;
				GCC_WARN_UNINITIALIZED_AUTOS = YES_AGGRESSIVE;
				GCC_WARN_UNUSED_FUNCTION = YES;
				GCC_WARN_UNUSED_VARIABLE = YES;
				IPHONEOS_DEPLOYMENT_TARGET = 17.0;
				MTL_ENABLE_DEBUG_INFO = YES;
				ONLY_ACTIVE_ARCH = YES;
				SDKROOT = iphoneos;
				SWIFT_ACTIVE_COMPILATION_CONDITIONS = "$(inherited) DEBUG";
				TARGETED_DEVICE_FAMILY = "1,2";
			};
			name = Debug;
		};
		97C147041CF9000F007C117D /* Release */ = {
			isa = XCBuildConfiguration;
			buildSettings = {
				ALWAYS_SEARCH_USER_PATHS = NO;
				ASSETCATALOG_COMPILER_GENERATE_SWIFT_ASSET_SYMBOL_EXTENSIONS = YES;
				CLANG_ANALYZER_NONNULL = YES;
				CLANG_CXX_LANGUAGE_STANDARD = "gnu++0x";
				CLANG_CXX_LIBRARY = "libc++";
				CLANG_ENABLE_MODULES = YES;
				CLANG_ENABLE_OBJC_ARC = YES;
				CLANG_WARN_BLOCK_CAPTURE_AUTORELEASING = YES;
				CLANG_WARN_BOOL_CONVERSION = YES;
				CLANG_WARN_COMMA = YES;
				CLANG_WARN_CONSTANT_CONVERSION = YES;
				CLANG_WARN_DEPRECATED_OBJC_IMPLEMENTATIONS = YES;
				CLANG_WARN_DIRECT_OBJC_ISA_USAGE = YES_ERROR;
				CLANG_WARN_EMPTY_BODY = YES;
				CLANG_WARN_ENUM_CONVERSION = YES;
				CLANG_WARN_INFINITE_RECURSION = YES;
				CLANG_WARN_INT_CONVERSION = YES;
				CLANG_WARN_NON_LITERAL_NULL_CONVERSION = YES;
				CLANG_WARN_OBJC_IMPLICIT_RETAIN_SELF = YES;
				CLANG_WARN_OBJC_LITERAL_CONVERSION = YES;
				CLANG_WARN_OBJC_ROOT_CLASS = YES_ERROR;
				CLANG_WARN_RANGE_LOOP_ANALYSIS = YES;
				CLANG_WARN_STRICT_PROTOTYPES = YES;
				CLANG_WARN_SUSPICIOUS_MOVE = YES;
				CLANG_WARN_UNREACHABLE_CODE = YES;
				CLANG_WARN__DUPLICATE_METHOD_MATCH = YES;
				COPY_PHASE_STRIP = NO;
				DEBUG_INFORMATION_FORMAT = "dwarf-with-dsym";
				ENABLE_NS_ASSERTIONS = NO;
				ENABLE_STRICT_OBJC_MSGSEND = YES;
				ENABLE_USER_SCRIPT_SANDBOXING = NO;
				GCC_C_LANGUAGE_STANDARD = gnu99;
				GCC_NO_COMMON_BLOCKS = YES;
				GCC_WARN_64_TO_32_BIT_CONVERSION = YES;
				GCC_WARN_ABOUT_RETURN_TYPE = YES_ERROR;
				GCC_WARN_UNDECLARED_SELECTOR = YES;
				GCC_WARN_UNINITIALIZED_AUTOS = YES_AGGRESSIVE;
				GCC_WARN_UNUSED_FUNCTION = YES;
				GCC_WARN_UNUSED_VARIABLE = YES;
				IPHONEOS_DEPLOYMENT_TARGET = 17.0;
				MTL_ENABLE_DEBUG_INFO = NO;
				SDKROOT = iphoneos;
				SUPPORTED_PLATFORMS = iphoneos;
				SWIFT_COMPILATION_MODE = wholemodule;
				SWIFT_OPTIMIZATION_LEVEL = "-O";
				TARGETED_DEVICE_FAMILY = "1,2";
				VALIDATE_PRODUCT = YES;
			};
			name = Release;
		};
		97C147061CF9000F007C117D /* Debug */ = {
			isa = XCBuildConfiguration;
			baseConfigurationReference = 8A734335F354C2421CD93905 /* Frameio.xcconfig */;
			buildSettings = {
				ASSETCATALOG_COMPILER_APPICON_NAME = AppIcon;
				CLANG_ENABLE_MODULES = YES;
				CODE_SIGN_ENTITLEMENTS = Runner/Runner.entitlements;
				DEVELOPMENT_TEAM = 4V4EGQ6LZA;
				ENABLE_BITCODE = NO;
				INFOPLIST_FILE = Runner/Info.plist;
				LD_RUNPATH_SEARCH_PATHS = (
					"$(inherited)",
					"@executable_path/Frameworks",
				);
				PRODUCT_BUNDLE_IDENTIFIER = com.opencapture.openzcine;
				PRODUCT_NAME = "$(TARGET_NAME)";
				SWIFT_OPTIMIZATION_LEVEL = "-Onone";
				SWIFT_VERSION = 6.0;
				VERSIONING_SYSTEM = "apple-generic";
			};
			name = Debug;
		};
		97C147071CF9000F007C117D /* Release */ = {
			isa = XCBuildConfiguration;
			baseConfigurationReference = 8A734335F354C2421CD93905 /* Frameio.xcconfig */;
			buildSettings = {
				ASSETCATALOG_COMPILER_APPICON_NAME = AppIcon;
				CLANG_ENABLE_MODULES = YES;
				CODE_SIGN_ENTITLEMENTS = Runner/Runner.entitlements;
				DEVELOPMENT_TEAM = 4V4EGQ6LZA;
				ENABLE_BITCODE = NO;
				INFOPLIST_FILE = Runner/Info.plist;
				LD_RUNPATH_SEARCH_PATHS = (
					"$(inherited)",
					"@executable_path/Frameworks",
				);
				PRODUCT_BUNDLE_IDENTIFIER = com.opencapture.openzcine;
				PRODUCT_NAME = "$(TARGET_NAME)";
				SWIFT_VERSION = 6.0;
				VERSIONING_SYSTEM = "apple-generic";
			};
			name = Release;
		};
		WTCH000000000000000000A1 /* Debug */ = {
			isa = XCBuildConfiguration;
			baseConfigurationReference = WTCH000000000000000000A4 /* Watch.xcconfig */;
			buildSettings = {
				ASSETCATALOG_COMPILER_APPICON_NAME = AppIcon;
				CLANG_ENABLE_MODULES = YES;
				DEVELOPMENT_TEAM = 4V4EGQ6LZA;
				ENABLE_PREVIEWS = YES;
				GENERATE_INFOPLIST_FILE = NO;
				INFOPLIST_FILE = OpenZCineWatch/Info.plist;
				LD_RUNPATH_SEARCH_PATHS = (
					"$(inherited)",
					"@executable_path/Frameworks",
				);
				PRODUCT_BUNDLE_IDENTIFIER = com.opencapture.openzcine.watch;
				PRODUCT_NAME = "$(TARGET_NAME)";
				SDKROOT = watchos;
				SKIP_INSTALL = YES;
				SUPPORTED_PLATFORMS = "watchsimulator watchos";
				SWIFT_ACTIVE_COMPILATION_CONDITIONS = DEBUG;
				SWIFT_OPTIMIZATION_LEVEL = "-Onone";
				SWIFT_VERSION = 6.0;
				TARGETED_DEVICE_FAMILY = 4;
				WATCHOS_DEPLOYMENT_TARGET = 10.0;
			};
			name = Debug;
		};
		WTCH000000000000000000A2 /* Release */ = {
			isa = XCBuildConfiguration;
			baseConfigurationReference = WTCH000000000000000000A4 /* Watch.xcconfig */;
			buildSettings = {
				ASSETCATALOG_COMPILER_APPICON_NAME = AppIcon;
				CLANG_ENABLE_MODULES = YES;
				DEVELOPMENT_TEAM = 4V4EGQ6LZA;
				ENABLE_PREVIEWS = YES;
				GENERATE_INFOPLIST_FILE = NO;
				INFOPLIST_FILE = OpenZCineWatch/Info.plist;
				LD_RUNPATH_SEARCH_PATHS = (
					"$(inherited)",
					"@executable_path/Frameworks",
				);
				PRODUCT_BUNDLE_IDENTIFIER = com.opencapture.openzcine.watch;
				PRODUCT_NAME = "$(TARGET_NAME)";
				SDKROOT = watchos;
				SKIP_INSTALL = YES;
				SUPPORTED_PLATFORMS = "watchsimulator watchos";
				SWIFT_COMPILATION_MODE = wholemodule;
				SWIFT_VERSION = 6.0;
				TARGETED_DEVICE_FAMILY = 4;
				VALIDATE_PRODUCT = YES;
				WATCHOS_DEPLOYMENT_TARGET = 10.0;
			};
			name = Release;
		};
		WTCH000000000000000000A3 /* Profile */ = {
			isa = XCBuildConfiguration;
			baseConfigurationReference = WTCH000000000000000000A4 /* Watch.xcconfig */;
			buildSettings = {
				ASSETCATALOG_COMPILER_APPICON_NAME = AppIcon;
				CLANG_ENABLE_MODULES = YES;
				DEVELOPMENT_TEAM = 4V4EGQ6LZA;
				ENABLE_PREVIEWS = YES;
				GENERATE_INFOPLIST_FILE = NO;
				INFOPLIST_FILE = OpenZCineWatch/Info.plist;
				LD_RUNPATH_SEARCH_PATHS = (
					"$(inherited)",
					"@executable_path/Frameworks",
				);
				PRODUCT_BUNDLE_IDENTIFIER = com.opencapture.openzcine.watch;
				PRODUCT_NAME = "$(TARGET_NAME)";
				SDKROOT = watchos;
				SKIP_INSTALL = YES;
				SUPPORTED_PLATFORMS = "watchsimulator watchos";
				SWIFT_COMPILATION_MODE = wholemodule;
				SWIFT_VERSION = 6.0;
				TARGETED_DEVICE_FAMILY = 4;
				VALIDATE_PRODUCT = YES;
				WATCHOS_DEPLOYMENT_TARGET = 10.0;
			};
			name = Profile;
		};
/* End XCBuildConfiguration section */

/* Begin XCConfigurationList section */
		331C8087294A63A400263BE5 /* Build configuration list for PBXNativeTarget "RunnerTests" */ = {
			isa = XCConfigurationList;
			buildConfigurations = (
				331C8088294A63A400263BE5 /* Debug */,
				331C8089294A63A400263BE5 /* Release */,
				331C808A294A63A400263BE5 /* Profile */,
			);
			defaultConfigurationIsVisible = 0;
			defaultConfigurationName = Release;
		};
		97C146E91CF9000F007C117D /* Build configuration list for PBXProject "Runner" */ = {
			isa = XCConfigurationList;
			buildConfigurations = (
				97C147031CF9000F007C117D /* Debug */,
				97C147041CF9000F007C117D /* Release */,
				249021D3217E4FDB00AE95B9 /* Profile */,
			);
			defaultConfigurationIsVisible = 0;
			defaultConfigurationName = Release;
		};
		97C147051CF9000F007C117D /* Build configuration list for PBXNativeTarget "Runner" */ = {
			isa = XCConfigurationList;
			buildConfigurations = (
				97C147061CF9000F007C117D /* Debug */,
				97C147071CF9000F007C117D /* Release */,
				249021D4217E4FDB00AE95B9 /* Profile */,
			);
			defaultConfigurationIsVisible = 0;
			defaultConfigurationName = Release;
		};
		WTCH000000000000000000A0 /* Build configuration list for PBXNativeTarget "OpenZCineWatch" */ = {
			isa = XCConfigurationList;
			buildConfigurations = (
				WTCH000000000000000000A1 /* Debug */,
				WTCH000000000000000000A2 /* Release */,
				WTCH000000000000000000A3 /* Profile */,
			);
			defaultConfigurationIsVisible = 0;
			defaultConfigurationName = Release;
		};
/* End XCConfigurationList section */

/* Begin XCRemoteSwiftPackageReference section */
		C1D481E62942495BE87DEEC4 /* XCRemoteSwiftPackageReference "ZIPFoundation" */ = {
			isa = XCRemoteSwiftPackageReference;
			repositoryURL = "https://github.com/weichsel/ZIPFoundation.git";
			requirement = {
				kind = upToNextMajorVersion;
				minimumVersion = 0.9.0;
			};
		};
/* End XCRemoteSwiftPackageReference section */

/* Begin XCSwiftPackageProductDependency section */
		9EA6CE98C555E02FA7EFB7D1 /* ZIPFoundation */ = {
			isa = XCSwiftPackageProductDependency;
			package = C1D481E62942495BE87DEEC4 /* XCRemoteSwiftPackageReference "ZIPFoundation" */;
			productName = ZIPFoundation;
		};
/* End XCSwiftPackageProductDependency section */
	};
	rootObject = 97C146E61CF9000F007C117D /* Project object */;
}
